// !$*UTF8*$!
{
	archiveVersion = 1;
	classes = {
	};
	objectVersion = 46;
	objects = {

/* Begin PBXBuildFile section */
		2D34B3A21CD901B600687464 /* WHLoginViewController.m in Sources */ = {isa = PBXBuildFile; fileRef = 2D34B3A11CD901B600687464 /* WHLoginViewController.m */; };
		B00D7B1F1CD9A2430090723C /* FUIAlertView.m in Sources */ = {isa = PBXBuildFile; fileRef = B00D7A9D1CD9A2430090723C /* FUIAlertView.m */; };
		B00D7B201CD9A2430090723C /* FUIButton.m in Sources */ = {isa = PBXBuildFile; fileRef = B00D7A9F1CD9A2430090723C /* FUIButton.m */; };
		B00D7B211CD9A2430090723C /* FUICellBackgroundView.m in Sources */ = {isa = PBXBuildFile; fileRef = B00D7AA11CD9A2430090723C /* FUICellBackgroundView.m */; };
		B00D7B221CD9A2430090723C /* FUIPopoverBackgroundView.m in Sources */ = {isa = PBXBuildFile; fileRef = B00D7AA31CD9A2430090723C /* FUIPopoverBackgroundView.m */; };
		B00D7B231CD9A2430090723C /* FUISegmentedControl.m in Sources */ = {isa = PBXBuildFile; fileRef = B00D7AA51CD9A2430090723C /* FUISegmentedControl.m */; };
		B00D7B241CD9A2430090723C /* FUISwitch.m in Sources */ = {isa = PBXBuildFile; fileRef = B00D7AA71CD9A2430090723C /* FUISwitch.m */; };
		B00D7B251CD9A2430090723C /* FUITextField.m in Sources */ = {isa = PBXBuildFile; fileRef = B00D7AA91CD9A2430090723C /* FUITextField.m */; };
		B00D7B261CD9A2430090723C /* NSString+Icons.m in Sources */ = {isa = PBXBuildFile; fileRef = B00D7AAB1CD9A2430090723C /* NSString+Icons.m */; };
		B00D7B271CD9A2430090723C /* UIBarButtonItem+FlatUI.m in Sources */ = {isa = PBXBuildFile; fileRef = B00D7AAD1CD9A2430090723C /* UIBarButtonItem+FlatUI.m */; };
		B00D7B281CD9A2430090723C /* UIColor+FlatUI.m in Sources */ = {isa = PBXBuildFile; fileRef = B00D7AAF1CD9A2430090723C /* UIColor+FlatUI.m */; };
		B00D7B291CD9A2430090723C /* UIFont+FlatUI.m in Sources */ = {isa = PBXBuildFile; fileRef = B00D7AB11CD9A2430090723C /* UIFont+FlatUI.m */; };
		B00D7B2A1CD9A2430090723C /* UIImage+FlatUI.m in Sources */ = {isa = PBXBuildFile; fileRef = B00D7AB31CD9A2430090723C /* UIImage+FlatUI.m */; };
		B00D7B2B1CD9A2430090723C /* UINavigationBar+FlatUI.m in Sources */ = {isa = PBXBuildFile; fileRef = B00D7AB51CD9A2430090723C /* UINavigationBar+FlatUI.m */; };
		B00D7B2C1CD9A2430090723C /* UIPopoverController+FlatUI.m in Sources */ = {isa = PBXBuildFile; fileRef = B00D7AB71CD9A2430090723C /* UIPopoverController+FlatUI.m */; };
		B00D7B2D1CD9A2430090723C /* UIProgressView+FlatUI.m in Sources */ = {isa = PBXBuildFile; fileRef = B00D7AB91CD9A2430090723C /* UIProgressView+FlatUI.m */; };
		B00D7B2E1CD9A2430090723C /* UISlider+FlatUI.m in Sources */ = {isa = PBXBuildFile; fileRef = B00D7ABB1CD9A2430090723C /* UISlider+FlatUI.m */; };
		B00D7B2F1CD9A2430090723C /* UIStepper+FlatUI.m in Sources */ = {isa = PBXBuildFile; fileRef = B00D7ABD1CD9A2430090723C /* UIStepper+FlatUI.m */; };
		B00D7B301CD9A2430090723C /* UITabBar+FlatUI.m in Sources */ = {isa = PBXBuildFile; fileRef = B00D7ABF1CD9A2430090723C /* UITabBar+FlatUI.m */; };
		B00D7B311CD9A2430090723C /* UITableViewCell+FlatUI.m in Sources */ = {isa = PBXBuildFile; fileRef = B00D7AC11CD9A2430090723C /* UITableViewCell+FlatUI.m */; };
		B00D7B321CD9A2430090723C /* UIToolbar+FlatUI.m in Sources */ = {isa = PBXBuildFile; fileRef = B00D7AC31CD9A2430090723C /* UIToolbar+FlatUI.m */; };
		B00D7B331CD9A2430090723C /* LICENSE in Resources */ = {isa = PBXBuildFile; fileRef = B00D7AC41CD9A2430090723C /* LICENSE */; };
		B00D7B341CD9A2430090723C /* README.markdown in Sources */ = {isa = PBXBuildFile; fileRef = B00D7AC51CD9A2430090723C /* README.markdown */; };
		B00D7B351CD9A2430090723C /* flat-ui-icons-regular.ttf in Resources */ = {isa = PBXBuildFile; fileRef = B00D7AC71CD9A2430090723C /* flat-ui-icons-regular.ttf */; };
		B00D7B361CD9A2430090723C /* Lato-Bold.ttf in Resources */ = {isa = PBXBuildFile; fileRef = B00D7AC81CD9A2430090723C /* Lato-Bold.ttf */; };
		B00D7B371CD9A2430090723C /* Lato-Italic.ttf in Resources */ = {isa = PBXBuildFile; fileRef = B00D7AC91CD9A2430090723C /* Lato-Italic.ttf */; };
		B00D7B381CD9A2430090723C /* Lato-Light.ttf in Resources */ = {isa = PBXBuildFile; fileRef = B00D7ACA1CD9A2430090723C /* Lato-Light.ttf */; };
		B00D7B391CD9A2430090723C /* Lato-Regular.ttf in Resources */ = {isa = PBXBuildFile; fileRef = B00D7ACB1CD9A2430090723C /* Lato-Regular.ttf */; };
		B00D7B3A1CD9A2430090723C /* Foundation+Log.m in Sources */ = {isa = PBXBuildFile; fileRef = B00D7ACC1CD9A2430090723C /* Foundation+Log.m */; };
		B00D7B3B1CD9A2430090723C /* MBProgressHUD.m in Sources */ = {isa = PBXBuildFile; fileRef = B00D7ACF1CD9A2430090723C /* MBProgressHUD.m */; };
		B00D7B3C1CD9A2430090723C /* MJRefreshAutoFooter.m in Sources */ = {isa = PBXBuildFile; fileRef = B00D7AD31CD9A2430090723C /* MJRefreshAutoFooter.m */; };
		B00D7B3D1CD9A2430090723C /* MJRefreshBackFooter.m in Sources */ = {isa = PBXBuildFile; fileRef = B00D7AD51CD9A2430090723C /* MJRefreshBackFooter.m */; };
		B00D7B3E1CD9A2430090723C /* MJRefreshComponent.m in Sources */ = {isa = PBXBuildFile; fileRef = B00D7AD71CD9A2430090723C /* MJRefreshComponent.m */; };
		B00D7B3F1CD9A2430090723C /* MJRefreshFooter.m in Sources */ = {isa = PBXBuildFile; fileRef = B00D7AD91CD9A2430090723C /* MJRefreshFooter.m */; };
		B00D7B401CD9A2430090723C /* MJRefreshHeader.m in Sources */ = {isa = PBXBuildFile; fileRef = B00D7ADB1CD9A2430090723C /* MJRefreshHeader.m */; };
		B00D7B411CD9A2430090723C /* MJRefreshAutoGifFooter.m in Sources */ = {isa = PBXBuildFile; fileRef = B00D7AE01CD9A2430090723C /* MJRefreshAutoGifFooter.m */; };
		B00D7B421CD9A2430090723C /* MJRefreshAutoNormalFooter.m in Sources */ = {isa = PBXBuildFile; fileRef = B00D7AE21CD9A2430090723C /* MJRefreshAutoNormalFooter.m */; };
		B00D7B431CD9A2430090723C /* MJRefreshAutoStateFooter.m in Sources */ = {isa = PBXBuildFile; fileRef = B00D7AE41CD9A2430090723C /* MJRefreshAutoStateFooter.m */; };
		B00D7B441CD9A2430090723C /* MJRefreshBackGifFooter.m in Sources */ = {isa = PBXBuildFile; fileRef = B00D7AE71CD9A2430090723C /* MJRefreshBackGifFooter.m */; };
		B00D7B451CD9A2430090723C /* MJRefreshBackNormalFooter.m in Sources */ = {isa = PBXBuildFile; fileRef = B00D7AE91CD9A2430090723C /* MJRefreshBackNormalFooter.m */; };
		B00D7B461CD9A2430090723C /* MJRefreshBackStateFooter.m in Sources */ = {isa = PBXBuildFile; fileRef = B00D7AEB1CD9A2430090723C /* MJRefreshBackStateFooter.m */; };
		B00D7B471CD9A2430090723C /* MJRefreshGifHeader.m in Sources */ = {isa = PBXBuildFile; fileRef = B00D7AEE1CD9A2430090723C /* MJRefreshGifHeader.m */; };
		B00D7B481CD9A2430090723C /* MJRefreshNormalHeader.m in Sources */ = {isa = PBXBuildFile; fileRef = B00D7AF01CD9A2430090723C /* MJRefreshNormalHeader.m */; };
		B00D7B491CD9A2430090723C /* MJRefreshStateHeader.m in Sources */ = {isa = PBXBuildFile; fileRef = B00D7AF21CD9A2430090723C /* MJRefreshStateHeader.m */; };
		B00D7B4A1CD9A2430090723C /* MJRefresh.bundle in Resources */ = {isa = PBXBuildFile; fileRef = B00D7AF31CD9A2430090723C /* MJRefresh.bundle */; };
		B00D7B4B1CD9A2430090723C /* MJRefreshConst.m in Sources */ = {isa = PBXBuildFile; fileRef = B00D7AF61CD9A2430090723C /* MJRefreshConst.m */; };
		B00D7B4C1CD9A2430090723C /* UIScrollView+MJExtension.m in Sources */ = {isa = PBXBuildFile; fileRef = B00D7AF81CD9A2430090723C /* UIScrollView+MJExtension.m */; };
		B00D7B4D1CD9A2430090723C /* UIScrollView+MJRefresh.m in Sources */ = {isa = PBXBuildFile; fileRef = B00D7AFA1CD9A2430090723C /* UIScrollView+MJRefresh.m */; };
		B00D7B4E1CD9A2430090723C /* UIView+MJExtension.m in Sources */ = {isa = PBXBuildFile; fileRef = B00D7AFC1CD9A2430090723C /* UIView+MJExtension.m */; };
		B00D7B4F1CD9A2430090723C /* MKAnnotationView+WebCache.m in Sources */ = {isa = PBXBuildFile; fileRef = B00D7AFF1CD9A2430090723C /* MKAnnotationView+WebCache.m */; };
		B00D7B501CD9A2430090723C /* NSData+ImageContentType.m in Sources */ = {isa = PBXBuildFile; fileRef = B00D7B011CD9A2430090723C /* NSData+ImageContentType.m */; };
		B00D7B511CD9A2430090723C /* SDImageCache.m in Sources */ = {isa = PBXBuildFile; fileRef = B00D7B031CD9A2430090723C /* SDImageCache.m */; };
		B00D7B521CD9A2430090723C /* SDWebImageCompat.m in Sources */ = {isa = PBXBuildFile; fileRef = B00D7B051CD9A2430090723C /* SDWebImageCompat.m */; };
		B00D7B531CD9A2430090723C /* SDWebImageDecoder.m in Sources */ = {isa = PBXBuildFile; fileRef = B00D7B071CD9A2430090723C /* SDWebImageDecoder.m */; };
		B00D7B541CD9A2430090723C /* SDWebImageDownloader.m in Sources */ = {isa = PBXBuildFile; fileRef = B00D7B091CD9A2430090723C /* SDWebImageDownloader.m */; };
		B00D7B551CD9A2430090723C /* SDWebImageDownloaderOperation.m in Sources */ = {isa = PBXBuildFile; fileRef = B00D7B0B1CD9A2430090723C /* SDWebImageDownloaderOperation.m */; };
		B00D7B561CD9A2430090723C /* SDWebImageManager.m in Sources */ = {isa = PBXBuildFile; fileRef = B00D7B0D1CD9A2430090723C /* SDWebImageManager.m */; };
		B00D7B571CD9A2430090723C /* SDWebImagePrefetcher.m in Sources */ = {isa = PBXBuildFile; fileRef = B00D7B101CD9A2430090723C /* SDWebImagePrefetcher.m */; };
		B00D7B581CD9A2430090723C /* UIButton+WebCache.m in Sources */ = {isa = PBXBuildFile; fileRef = B00D7B121CD9A2430090723C /* UIButton+WebCache.m */; };
		B00D7B591CD9A2430090723C /* UIImage+GIF.m in Sources */ = {isa = PBXBuildFile; fileRef = B00D7B141CD9A2430090723C /* UIImage+GIF.m */; };
		B00D7B5A1CD9A2430090723C /* UIImage+MultiFormat.m in Sources */ = {isa = PBXBuildFile; fileRef = B00D7B161CD9A2430090723C /* UIImage+MultiFormat.m */; };
		B00D7B5B1CD9A2430090723C /* UIImage+WebP.m in Sources */ = {isa = PBXBuildFile; fileRef = B00D7B181CD9A2430090723C /* UIImage+WebP.m */; };
		B00D7B5C1CD9A2430090723C /* UIImageView+HighlightedWebCache.m in Sources */ = {isa = PBXBuildFile; fileRef = B00D7B1A1CD9A2430090723C /* UIImageView+HighlightedWebCache.m */; };
		B00D7B5D1CD9A2430090723C /* UIImageView+WebCache.m in Sources */ = {isa = PBXBuildFile; fileRef = B00D7B1C1CD9A2430090723C /* UIImageView+WebCache.m */; };
		B00D7B5E1CD9A2430090723C /* UIView+WebCacheOperation.m in Sources */ = {isa = PBXBuildFile; fileRef = B00D7B1E1CD9A2430090723C /* UIView+WebCacheOperation.m */; };
		B00D7B621CD9B73E0090723C /* WHMainTableViewCell.m in Sources */ = {isa = PBXBuildFile; fileRef = B00D7B601CD9B73E0090723C /* WHMainTableViewCell.m */; };
		B00D7B631CD9B73E0090723C /* WHMainTableViewCell.xib in Resources */ = {isa = PBXBuildFile; fileRef = B00D7B611CD9B73E0090723C /* WHMainTableViewCell.xib */; };
		B015BD631CDAD8FD0071EA31 /* WHRegion.m in Sources */ = {isa = PBXBuildFile; fileRef = B015BD621CDAD8FD0071EA31 /* WHRegion.m */; };
		B015BD661CDAD9400071EA31 /* WHCity.m in Sources */ = {isa = PBXBuildFile; fileRef = B015BD651CDAD9400071EA31 /* WHCity.m */; };
		B015BD691CDAED320071EA31 /* WHMetaDataView.m in Sources */ = {isa = PBXBuildFile; fileRef = B015BD681CDAED320071EA31 /* WHMetaDataView.m */; };
		B015BD6B1CDAED3E0071EA31 /* WHMetaDataView.xib in Resources */ = {isa = PBXBuildFile; fileRef = B015BD6A1CDAED3E0071EA31 /* WHMetaDataView.xib */; };
		B015BD6F1CDAF85B0071EA31 /* WHMetaDataTableViewCell.m in Sources */ = {isa = PBXBuildFile; fileRef = B015BD6D1CDAF85B0071EA31 /* WHMetaDataTableViewCell.m */; };
		B015BD731CDB22C60071EA31 /* WHCategory.m in Sources */ = {isa = PBXBuildFile; fileRef = B015BD721CDB22C60071EA31 /* WHCategory.m */; };
		B015BD761CDB39FF0071EA31 /* WHSearchViewController.m in Sources */ = {isa = PBXBuildFile; fileRef = B015BD751CDB39FF0071EA31 /* WHSearchViewController.m */; };
		B05D47D41CD9D2B0007D78CB /* WHBusinessHeaderView.m in Sources */ = {isa = PBXBuildFile; fileRef = B05D47D31CD9D2B0007D78CB /* WHBusinessHeaderView.m */; };
		B05D47D61CD9D2C1007D78CB /* WHBusinessHeaderView.xib in Resources */ = {isa = PBXBuildFile; fileRef = B05D47D51CD9D2C1007D78CB /* WHBusinessHeaderView.xib */; };
		B05D47D91CD9D865007D78CB /* UIView+Extension.m in Sources */ = {isa = PBXBuildFile; fileRef = B05D47D81CD9D865007D78CB /* UIView+Extension.m */; };
		B05D47E61CD9E546007D78CB /* categories.plist in Resources */ = {isa = PBXBuildFile; fileRef = B05D47DB1CD9E546007D78CB /* categories.plist */; };
		B05D47E71CD9E546007D78CB /* cities.plist in Resources */ = {isa = PBXBuildFile; fileRef = B05D47DC1CD9E546007D78CB /* cities.plist */; };
		B05D47E81CD9E546007D78CB /* city.plist in Resources */ = {isa = PBXBuildFile; fileRef = B05D47DD1CD9E546007D78CB /* city.plist */; };
		B05D47E91CD9E546007D78CB /* citydata.plist in Resources */ = {isa = PBXBuildFile; fileRef = B05D47DE1CD9E546007D78CB /* citydata.plist */; };
		B05D47EA1CD9E546007D78CB /* citydict.plist in Resources */ = {isa = PBXBuildFile; fileRef = B05D47DF1CD9E546007D78CB /* citydict.plist */; };
		B05D47EB1CD9E546007D78CB /* cityGroups.plist in Resources */ = {isa = PBXBuildFile; fileRef = B05D47E01CD9E546007D78CB /* cityGroups.plist */; };
		B05D47EC1CD9E546007D78CB /* menuData.plist in Resources */ = {isa = PBXBuildFile; fileRef = B05D47E11CD9E546007D78CB /* menuData.plist */; };
		B05D47ED1CD9E546007D78CB /* MineInformationData.plist in Resources */ = {isa = PBXBuildFile; fileRef = B05D47E21CD9E546007D78CB /* MineInformationData.plist */; };
		B05D47EE1CD9E546007D78CB /* MoreData.plist in Resources */ = {isa = PBXBuildFile; fileRef = B05D47E31CD9E546007D78CB /* MoreData.plist */; };
		B05D47EF1CD9E546007D78CB /* PortalSettings.plist in Resources */ = {isa = PBXBuildFile; fileRef = B05D47E41CD9E546007D78CB /* PortalSettings.plist */; };
		B05D47F01CD9E546007D78CB /* sorts.plist in Resources */ = {isa = PBXBuildFile; fileRef = B05D47E51CD9E546007D78CB /* sorts.plist */; };
		B05D47F31CD9E656007D78CB /* WHSort.m in Sources */ = {isa = PBXBuildFile; fileRef = B05D47F21CD9E656007D78CB /* WHSort.m */; };
		B05D47F61CD9E78F007D78CB /* WHMetaDataTool.m in Sources */ = {isa = PBXBuildFile; fileRef = B05D47F51CD9E78F007D78CB /* WHMetaDataTool.m */; };
		B05D47F91CD9EDDF007D78CB /* WHSortViewController.m in Sources */ = {isa = PBXBuildFile; fileRef = B05D47F81CD9EDDF007D78CB /* WHSortViewController.m */; };
		B05D47FC1CD9F89B007D78CB /* WHRegionViewController.m in Sources */ = {isa = PBXBuildFile; fileRef = B05D47FB1CD9F89B007D78CB /* WHRegionViewController.m */; };
		B05D47FF1CD9F8A7007D78CB /* WHCategoryViewController.m in Sources */ = {isa = PBXBuildFile; fileRef = B05D47FE1CD9F8A7007D78CB /* WHCategoryViewController.m */; };
		B0C48D9B1CDC7351005F632D /* TRLocationManager.m in Sources */ = {isa = PBXBuildFile; fileRef = B0C48D9A1CDC7351005F632D /* TRLocationManager.m */; };
		B0C48DC41CDC9467005F632D /* WHCityGroupTableViewController.m in Sources */ = {isa = PBXBuildFile; fileRef = B0C48DC31CDC9467005F632D /* WHCityGroupTableViewController.m */; };
		B0C48DC71CDC993D005F632D /* WHCityGroup.m in Sources */ = {isa = PBXBuildFile; fileRef = B0C48DC61CDC993D005F632D /* WHCityGroup.m */; };
		B0E305D61CD87A62003FB6DC /* main.m in Sources */ = {isa = PBXBuildFile; fileRef = B0E305D51CD87A62003FB6DC /* main.m */; };
		B0E305D91CD87A62003FB6DC /* AppDelegate.m in Sources */ = {isa = PBXBuildFile; fileRef = B0E305D81CD87A62003FB6DC /* AppDelegate.m */; };
		B0E305DF1CD87A62003FB6DC /* Main.storyboard in Resources */ = {isa = PBXBuildFile; fileRef = B0E305DD1CD87A62003FB6DC /* Main.storyboard */; };
		B0E305E11CD87A63003FB6DC /* Assets.xcassets in Resources */ = {isa = PBXBuildFile; fileRef = B0E305E01CD87A63003FB6DC /* Assets.xcassets */; };
		B0E305E41CD87A63003FB6DC /* LaunchScreen.storyboard in Resources */ = {isa = PBXBuildFile; fileRef = B0E305E21CD87A63003FB6DC /* LaunchScreen.storyboard */; };
		B0E306051CD87E69003FB6DC /* DPAPI.m in Sources */ = {isa = PBXBuildFile; fileRef = B0E306011CD87E69003FB6DC /* DPAPI.m */; };
		B0E306061CD87E69003FB6DC /* DPRequest.m in Sources */ = {isa = PBXBuildFile; fileRef = B0E306041CD87E69003FB6DC /* DPRequest.m */; };
		B0E306091CD8904B003FB6DC /* WHBaseNaviController.m in Sources */ = {isa = PBXBuildFile; fileRef = B0E306081CD8904B003FB6DC /* WHBaseNaviController.m */; };
		B0E3060C1CD8908D003FB6DC /* WHMainTabBarController.m in Sources */ = {isa = PBXBuildFile; fileRef = B0E3060B1CD8908D003FB6DC /* WHMainTabBarController.m */; };
		B0E3060F1CD89233003FB6DC /* WHBaseTableTableViewController.m in Sources */ = {isa = PBXBuildFile; fileRef = B0E3060E1CD89233003FB6DC /* WHBaseTableTableViewController.m */; };
		B0E306121CD89252003FB6DC /* WHMeTableViewController.m in Sources */ = {isa = PBXBuildFile; fileRef = B0E306111CD89252003FB6DC /* WHMeTableViewController.m */; };
		B0E306151CD89289003FB6DC /* WHBusinessViewController.m in Sources */ = {isa = PBXBuildFile; fileRef = B0E306141CD89289003FB6DC /* WHBusinessViewController.m */; };
		B0E306191CD892A6003FB6DC /* WHHomeViewController.m in Sources */ = {isa = PBXBuildFile; fileRef = B0E306181CD892A6003FB6DC /* WHHomeViewController.m */; };
		B0E3061C1CD89810003FB6DC /* WHDeal.m in Sources */ = {isa = PBXBuildFile; fileRef = B0E3061B1CD89810003FB6DC /* WHDeal.m */; };
/* End PBXBuildFile section */

/* Begin PBXFileReference section */
		2D34B3A01CD901B600687464 /* WHLoginViewController.h */ = {isa = PBXFileReference; fileEncoding = 4; lastKnownFileType = sourcecode.c.h; path = WHLoginViewController.h; sourceTree = "<group>"; };
		2D34B3A11CD901B600687464 /* WHLoginViewController.m */ = {isa = PBXFileReference; fileEncoding = 4; lastKnownFileType = sourcecode.c.objc; path = WHLoginViewController.m; sourceTree = "<group>"; };
		B00D7A9B1CD9A2430090723C /* FlatUIKit.h */ = {isa = PBXFileReference; fileEncoding = 4; lastKnownFileType = sourcecode.c.h; path = FlatUIKit.h; sourceTree = "<group>"; };
		B00D7A9C1CD9A2430090723C /* FUIAlertView.h */ = {isa = PBXFileReference; fileEncoding = 4; lastKnownFileType = sourcecode.c.h; path = FUIAlertView.h; sourceTree = "<group>"; };
		B00D7A9D1CD9A2430090723C /* FUIAlertView.m */ = {isa = PBXFileReference; fileEncoding = 4; lastKnownFileType = sourcecode.c.objc; path = FUIAlertView.m; sourceTree = "<group>"; };
		B00D7A9E1CD9A2430090723C /* FUIButton.h */ = {isa = PBXFileReference; fileEncoding = 4; lastKnownFileType = sourcecode.c.h; path = FUIButton.h; sourceTree = "<group>"; };
		B00D7A9F1CD9A2430090723C /* FUIButton.m */ = {isa = PBXFileReference; fileEncoding = 4; lastKnownFileType = sourcecode.c.objc; path = FUIButton.m; sourceTree = "<group>"; };
		B00D7AA01CD9A2430090723C /* FUICellBackgroundView.h */ = {isa = PBXFileReference; fileEncoding = 4; lastKnownFileType = sourcecode.c.h; path = FUICellBackgroundView.h; sourceTree = "<group>"; };
		B00D7AA11CD9A2430090723C /* FUICellBackgroundView.m */ = {isa = PBXFileReference; fileEncoding = 4; lastKnownFileType = sourcecode.c.objc; path = FUICellBackgroundView.m; sourceTree = "<group>"; };
		B00D7AA21CD9A2430090723C /* FUIPopoverBackgroundView.h */ = {isa = PBXFileReference; fileEncoding = 4; lastKnownFileType = sourcecode.c.h; path = FUIPopoverBackgroundView.h; sourceTree = "<group>"; };
		B00D7AA31CD9A2430090723C /* FUIPopoverBackgroundView.m */ = {isa = PBXFileReference; fileEncoding = 4; lastKnownFileType = sourcecode.c.objc; path = FUIPopoverBackgroundView.m; sourceTree = "<group>"; };
		B00D7AA41CD9A2430090723C /* FUISegmentedControl.h */ = {isa = PBXFileReference; fileEncoding = 4; lastKnownFileType = sourcecode.c.h; path = FUISegmentedControl.h; sourceTree = "<group>"; };
		B00D7AA51CD9A2430090723C /* FUISegmentedControl.m */ = {isa = PBXFileReference; fileEncoding = 4; lastKnownFileType = sourcecode.c.objc; path = FUISegmentedControl.m; sourceTree = "<group>"; };
		B00D7AA61CD9A2430090723C /* FUISwitch.h */ = {isa = PBXFileReference; fileEncoding = 4; lastKnownFileType = sourcecode.c.h; path = FUISwitch.h; sourceTree = "<group>"; };
		B00D7AA71CD9A2430090723C /* FUISwitch.m */ = {isa = PBXFileReference; fileEncoding = 4; lastKnownFileType = sourcecode.c.objc; path = FUISwitch.m; sourceTree = "<group>"; };
		B00D7AA81CD9A2430090723C /* FUITextField.h */ = {isa = PBXFileReference; fileEncoding = 4; lastKnownFileType = sourcecode.c.h; path = FUITextField.h; sourceTree = "<group>"; };
		B00D7AA91CD9A2430090723C /* FUITextField.m */ = {isa = PBXFileReference; fileEncoding = 4; lastKnownFileType = sourcecode.c.objc; path = FUITextField.m; sourceTree = "<group>"; };
		B00D7AAA1CD9A2430090723C /* NSString+Icons.h */ = {isa = PBXFileReference; fileEncoding = 4; lastKnownFileType = sourcecode.c.h; path = "NSString+Icons.h"; sourceTree = "<group>"; };
		B00D7AAB1CD9A2430090723C /* NSString+Icons.m */ = {isa = PBXFileReference; fileEncoding = 4; lastKnownFileType = sourcecode.c.objc; path = "NSString+Icons.m"; sourceTree = "<group>"; };
		B00D7AAC1CD9A2430090723C /* UIBarButtonItem+FlatUI.h */ = {isa = PBXFileReference; fileEncoding = 4; lastKnownFileType = sourcecode.c.h; path = "UIBarButtonItem+FlatUI.h"; sourceTree = "<group>"; };
		B00D7AAD1CD9A2430090723C /* UIBarButtonItem+FlatUI.m */ = {isa = PBXFileReference; fileEncoding = 4; lastKnownFileType = sourcecode.c.objc; path = "UIBarButtonItem+FlatUI.m"; sourceTree = "<group>"; };
		B00D7AAE1CD9A2430090723C /* UIColor+FlatUI.h */ = {isa = PBXFileReference; fileEncoding = 4; lastKnownFileType = sourcecode.c.h; path = "UIColor+FlatUI.h"; sourceTree = "<group>"; };
		B00D7AAF1CD9A2430090723C /* UIColor+FlatUI.m */ = {isa = PBXFileReference; fileEncoding = 4; lastKnownFileType = sourcecode.c.objc; path = "UIColor+FlatUI.m"; sourceTree = "<group>"; };
		B00D7AB01CD9A2430090723C /* UIFont+FlatUI.h */ = {isa = PBXFileReference; fileEncoding = 4; lastKnownFileType = sourcecode.c.h; path = "UIFont+FlatUI.h"; sourceTree = "<group>"; };
		B00D7AB11CD9A2430090723C /* UIFont+FlatUI.m */ = {isa = PBXFileReference; fileEncoding = 4; lastKnownFileType = sourcecode.c.objc; path = "UIFont+FlatUI.m"; sourceTree = "<group>"; };
		B00D7AB21CD9A2430090723C /* UIImage+FlatUI.h */ = {isa = PBXFileReference; fileEncoding = 4; lastKnownFileType = sourcecode.c.h; path = "UIImage+FlatUI.h"; sourceTree = "<group>"; };
		B00D7AB31CD9A2430090723C /* UIImage+FlatUI.m */ = {isa = PBXFileReference; fileEncoding = 4; lastKnownFileType = sourcecode.c.objc; path = "UIImage+FlatUI.m"; sourceTree = "<group>"; };
		B00D7AB41CD9A2430090723C /* UINavigationBar+FlatUI.h */ = {isa = PBXFileReference; fileEncoding = 4; lastKnownFileType = sourcecode.c.h; path = "UINavigationBar+FlatUI.h"; sourceTree = "<group>"; };
		B00D7AB51CD9A2430090723C /* UINavigationBar+FlatUI.m */ = {isa = PBXFileReference; fileEncoding = 4; lastKnownFileType = sourcecode.c.objc; path = "UINavigationBar+FlatUI.m"; sourceTree = "<group>"; };
		B00D7AB61CD9A2430090723C /* UIPopoverController+FlatUI.h */ = {isa = PBXFileReference; fileEncoding = 4; lastKnownFileType = sourcecode.c.h; path = "UIPopoverController+FlatUI.h"; sourceTree = "<group>"; };
		B00D7AB71CD9A2430090723C /* UIPopoverController+FlatUI.m */ = {isa = PBXFileReference; fileEncoding = 4; lastKnownFileType = sourcecode.c.objc; path = "UIPopoverController+FlatUI.m"; sourceTree = "<group>"; };
		B00D7AB81CD9A2430090723C /* UIProgressView+FlatUI.h */ = {isa = PBXFileReference; fileEncoding = 4; lastKnownFileType = sourcecode.c.h; path = "UIProgressView+FlatUI.h"; sourceTree = "<group>"; };
		B00D7AB91CD9A2430090723C /* UIProgressView+FlatUI.m */ = {isa = PBXFileReference; fileEncoding = 4; lastKnownFileType = sourcecode.c.objc; path = "UIProgressView+FlatUI.m"; sourceTree = "<group>"; };
		B00D7ABA1CD9A2430090723C /* UISlider+FlatUI.h */ = {isa = PBXFileReference; fileEncoding = 4; lastKnownFileType = sourcecode.c.h; path = "UISlider+FlatUI.h"; sourceTree = "<group>"; };
		B00D7ABB1CD9A2430090723C /* UISlider+FlatUI.m */ = {isa = PBXFileReference; fileEncoding = 4; lastKnownFileType = sourcecode.c.objc; path = "UISlider+FlatUI.m"; sourceTree = "<group>"; };
		B00D7ABC1CD9A2430090723C /* UIStepper+FlatUI.h */ = {isa = PBXFileReference; fileEncoding = 4; lastKnownFileType = sourcecode.c.h; path = "UIStepper+FlatUI.h"; sourceTree = "<group>"; };
		B00D7ABD1CD9A2430090723C /* UIStepper+FlatUI.m */ = {isa = PBXFileReference; fileEncoding = 4; lastKnownFileType = sourcecode.c.objc; path = "UIStepper+FlatUI.m"; sourceTree = "<group>"; };
		B00D7ABE1CD9A2430090723C /* UITabBar+FlatUI.h */ = {isa = PBXFileReference; fileEncoding = 4; lastKnownFileType = sourcecode.c.h; path = "UITabBar+FlatUI.h"; sourceTree = "<group>"; };
		B00D7ABF1CD9A2430090723C /* UITabBar+FlatUI.m */ = {isa = PBXFileReference; fileEncoding = 4; lastKnownFileType = sourcecode.c.objc; path = "UITabBar+FlatUI.m"; sourceTree = "<group>"; };
		B00D7AC01CD9A2430090723C /* UITableViewCell+FlatUI.h */ = {isa = PBXFileReference; fileEncoding = 4; lastKnownFileType = sourcecode.c.h; path = "UITableViewCell+FlatUI.h"; sourceTree = "<group>"; };
		B00D7AC11CD9A2430090723C /* UITableViewCell+FlatUI.m */ = {isa = PBXFileReference; fileEncoding = 4; lastKnownFileType = sourcecode.c.objc; path = "UITableViewCell+FlatUI.m"; sourceTree = "<group>"; };
		B00D7AC21CD9A2430090723C /* UIToolbar+FlatUI.h */ = {isa = PBXFileReference; fileEncoding = 4; lastKnownFileType = sourcecode.c.h; path = "UIToolbar+FlatUI.h"; sourceTree = "<group>"; };
		B00D7AC31CD9A2430090723C /* UIToolbar+FlatUI.m */ = {isa = PBXFileReference; fileEncoding = 4; lastKnownFileType = sourcecode.c.objc; path = "UIToolbar+FlatUI.m"; sourceTree = "<group>"; };
		B00D7AC41CD9A2430090723C /* LICENSE */ = {isa = PBXFileReference; fileEncoding = 4; lastKnownFileType = text; path = LICENSE; sourceTree = "<group>"; };
		B00D7AC51CD9A2430090723C /* README.markdown */ = {isa = PBXFileReference; fileEncoding = 4; lastKnownFileType = net.daringfireball.markdown; path = README.markdown; sourceTree = "<group>"; };
		B00D7AC71CD9A2430090723C /* flat-ui-icons-regular.ttf */ = {isa = PBXFileReference; lastKnownFileType = file; path = "flat-ui-icons-regular.ttf"; sourceTree = "<group>"; };
		B00D7AC81CD9A2430090723C /* Lato-Bold.ttf */ = {isa = PBXFileReference; lastKnownFileType = file; path = "Lato-Bold.ttf"; sourceTree = "<group>"; };
		B00D7AC91CD9A2430090723C /* Lato-Italic.ttf */ = {isa = PBXFileReference; lastKnownFileType = file; path = "Lato-Italic.ttf"; sourceTree = "<group>"; };
		B00D7ACA1CD9A2430090723C /* Lato-Light.ttf */ = {isa = PBXFileReference; lastKnownFileType = file; path = "Lato-Light.ttf"; sourceTree = "<group>"; };
		B00D7ACB1CD9A2430090723C /* Lato-Regular.ttf */ = {isa = PBXFileReference; lastKnownFileType = file; path = "Lato-Regular.ttf"; sourceTree = "<group>"; };
		B00D7ACC1CD9A2430090723C /* Foundation+Log.m */ = {isa = PBXFileReference; fileEncoding = 4; lastKnownFileType = sourcecode.c.objc; path = "Foundation+Log.m"; sourceTree = "<group>"; };
		B00D7ACE1CD9A2430090723C /* MBProgressHUD.h */ = {isa = PBXFileReference; fileEncoding = 4; lastKnownFileType = sourcecode.c.h; path = MBProgressHUD.h; sourceTree = "<group>"; };
		B00D7ACF1CD9A2430090723C /* MBProgressHUD.m */ = {isa = PBXFileReference; fileEncoding = 4; lastKnownFileType = sourcecode.c.objc; path = MBProgressHUD.m; sourceTree = "<group>"; };
		B00D7AD21CD9A2430090723C /* MJRefreshAutoFooter.h */ = {isa = PBXFileReference; fileEncoding = 4; lastKnownFileType = sourcecode.c.h; path = MJRefreshAutoFooter.h; sourceTree = "<group>"; };
		B00D7AD31CD9A2430090723C /* MJRefreshAutoFooter.m */ = {isa = PBXFileReference; fileEncoding = 4; lastKnownFileType = sourcecode.c.objc; path = MJRefreshAutoFooter.m; sourceTree = "<group>"; };
		B00D7AD41CD9A2430090723C /* MJRefreshBackFooter.h */ = {isa = PBXFileReference; fileEncoding = 4; lastKnownFileType = sourcecode.c.h; path = MJRefreshBackFooter.h; sourceTree = "<group>"; };
		B00D7AD51CD9A2430090723C /* MJRefreshBackFooter.m */ = {isa = PBXFileReference; fileEncoding = 4; lastKnownFileType = sourcecode.c.objc; path = MJRefreshBackFooter.m; sourceTree = "<group>"; };
		B00D7AD61CD9A2430090723C /* MJRefreshComponent.h */ = {isa = PBXFileReference; fileEncoding = 4; lastKnownFileType = sourcecode.c.h; path = MJRefreshComponent.h; sourceTree = "<group>"; };
		B00D7AD71CD9A2430090723C /* MJRefreshComponent.m */ = {isa = PBXFileReference; fileEncoding = 4; lastKnownFileType = sourcecode.c.objc; path = MJRefreshComponent.m; sourceTree = "<group>"; };
		B00D7AD81CD9A2430090723C /* MJRefreshFooter.h */ = {isa = PBXFileReference; fileEncoding = 4; lastKnownFileType = sourcecode.c.h; path = MJRefreshFooter.h; sourceTree = "<group>"; };
		B00D7AD91CD9A2430090723C /* MJRefreshFooter.m */ = {isa = PBXFileReference; fileEncoding = 4; lastKnownFileType = sourcecode.c.objc; path = MJRefreshFooter.m; sourceTree = "<group>"; };
		B00D7ADA1CD9A2430090723C /* MJRefreshHeader.h */ = {isa = PBXFileReference; fileEncoding = 4; lastKnownFileType = sourcecode.c.h; path = MJRefreshHeader.h; sourceTree = "<group>"; };
		B00D7ADB1CD9A2430090723C /* MJRefreshHeader.m */ = {isa = PBXFileReference; fileEncoding = 4; lastKnownFileType = sourcecode.c.objc; path = MJRefreshHeader.m; sourceTree = "<group>"; };
		B00D7ADF1CD9A2430090723C /* MJRefreshAutoGifFooter.h */ = {isa = PBXFileReference; fileEncoding = 4; lastKnownFileType = sourcecode.c.h; path = MJRefreshAutoGifFooter.h; sourceTree = "<group>"; };
		B00D7AE01CD9A2430090723C /* MJRefreshAutoGifFooter.m */ = {isa = PBXFileReference; fileEncoding = 4; lastKnownFileType = sourcecode.c.objc; path = MJRefreshAutoGifFooter.m; sourceTree = "<group>"; };
		B00D7AE11CD9A2430090723C /* MJRefreshAutoNormalFooter.h */ = {isa = PBXFileReference; fileEncoding = 4; lastKnownFileType = sourcecode.c.h; path = MJRefreshAutoNormalFooter.h; sourceTree = "<group>"; };
		B00D7AE21CD9A2430090723C /* MJRefreshAutoNormalFooter.m */ = {isa = PBXFileReference; fileEncoding = 4; lastKnownFileType = sourcecode.c.objc; path = MJRefreshAutoNormalFooter.m; sourceTree = "<group>"; };
		B00D7AE31CD9A2430090723C /* MJRefreshAutoStateFooter.h */ = {isa = PBXFileReference; fileEncoding = 4; lastKnownFileType = sourcecode.c.h; path = MJRefreshAutoStateFooter.h; sourceTree = "<group>"; };
		B00D7AE41CD9A2430090723C /* MJRefreshAutoStateFooter.m */ = {isa = PBXFileReference; fileEncoding = 4; lastKnownFileType = sourcecode.c.objc; path = MJRefreshAutoStateFooter.m; sourceTree = "<group>"; };
		B00D7AE61CD9A2430090723C /* MJRefreshBackGifFooter.h */ = {isa = PBXFileReference; fileEncoding = 4; lastKnownFileType = sourcecode.c.h; path = MJRefreshBackGifFooter.h; sourceTree = "<group>"; };
		B00D7AE71CD9A2430090723C /* MJRefreshBackGifFooter.m */ = {isa = PBXFileReference; fileEncoding = 4; lastKnownFileType = sourcecode.c.objc; path = MJRefreshBackGifFooter.m; sourceTree = "<group>"; };
		B00D7AE81CD9A2430090723C /* MJRefreshBackNormalFooter.h */ = {isa = PBXFileReference; fileEncoding = 4; lastKnownFileType = sourcecode.c.h; path = MJRefreshBackNormalFooter.h; sourceTree = "<group>"; };
		B00D7AE91CD9A2430090723C /* MJRefreshBackNormalFooter.m */ = {isa = PBXFileReference; fileEncoding = 4; lastKnownFileType = sourcecode.c.objc; path = MJRefreshBackNormalFooter.m; sourceTree = "<group>"; };
		B00D7AEA1CD9A2430090723C /* MJRefreshBackStateFooter.h */ = {isa = PBXFileReference; fileEncoding = 4; lastKnownFileType = sourcecode.c.h; path = MJRefreshBackStateFooter.h; sourceTree = "<group>"; };
		B00D7AEB1CD9A2430090723C /* MJRefreshBackStateFooter.m */ = {isa = PBXFileReference; fileEncoding = 4; lastKnownFileType = sourcecode.c.objc; path = MJRefreshBackStateFooter.m; sourceTree = "<group>"; };
		B00D7AED1CD9A2430090723C /* MJRefreshGifHeader.h */ = {isa = PBXFileReference; fileEncoding = 4; lastKnownFileType = sourcecode.c.h; path = MJRefreshGifHeader.h; sourceTree = "<group>"; };
		B00D7AEE1CD9A2430090723C /* MJRefreshGifHeader.m */ = {isa = PBXFileReference; fileEncoding = 4; lastKnownFileType = sourcecode.c.objc; path = MJRefreshGifHeader.m; sourceTree = "<group>"; };
		B00D7AEF1CD9A2430090723C /* MJRefreshNormalHeader.h */ = {isa = PBXFileReference; fileEncoding = 4; lastKnownFileType = sourcecode.c.h; path = MJRefreshNormalHeader.h; sourceTree = "<group>"; };
		B00D7AF01CD9A2430090723C /* MJRefreshNormalHeader.m */ = {isa = PBXFileReference; fileEncoding = 4; lastKnownFileType = sourcecode.c.objc; path = MJRefreshNormalHeader.m; sourceTree = "<group>"; };
		B00D7AF11CD9A2430090723C /* MJRefreshStateHeader.h */ = {isa = PBXFileReference; fileEncoding = 4; lastKnownFileType = sourcecode.c.h; path = MJRefreshStateHeader.h; sourceTree = "<group>"; };
		B00D7AF21CD9A2430090723C /* MJRefreshStateHeader.m */ = {isa = PBXFileReference; fileEncoding = 4; lastKnownFileType = sourcecode.c.objc; path = MJRefreshStateHeader.m; sourceTree = "<group>"; };
		B00D7AF31CD9A2430090723C /* MJRefresh.bundle */ = {isa = PBXFileReference; lastKnownFileType = "wrapper.plug-in"; path = MJRefresh.bundle; sourceTree = "<group>"; };
		B00D7AF41CD9A2430090723C /* MJRefresh.h */ = {isa = PBXFileReference; fileEncoding = 4; lastKnownFileType = sourcecode.c.h; path = MJRefresh.h; sourceTree = "<group>"; };
		B00D7AF51CD9A2430090723C /* MJRefreshConst.h */ = {isa = PBXFileReference; fileEncoding = 4; lastKnownFileType = sourcecode.c.h; path = MJRefreshConst.h; sourceTree = "<group>"; };
		B00D7AF61CD9A2430090723C /* MJRefreshConst.m */ = {isa = PBXFileReference; fileEncoding = 4; lastKnownFileType = sourcecode.c.objc; path = MJRefreshConst.m; sourceTree = "<group>"; };
		B00D7AF71CD9A2430090723C /* UIScrollView+MJExtension.h */ = {isa = PBXFileReference; fileEncoding = 4; lastKnownFileType = sourcecode.c.h; path = "UIScrollView+MJExtension.h"; sourceTree = "<group>"; };
		B00D7AF81CD9A2430090723C /* UIScrollView+MJExtension.m */ = {isa = PBXFileReference; fileEncoding = 4; lastKnownFileType = sourcecode.c.objc; path = "UIScrollView+MJExtension.m"; sourceTree = "<group>"; };
		B00D7AF91CD9A2430090723C /* UIScrollView+MJRefresh.h */ = {isa = PBXFileReference; fileEncoding = 4; lastKnownFileType = sourcecode.c.h; path = "UIScrollView+MJRefresh.h"; sourceTree = "<group>"; };
		B00D7AFA1CD9A2430090723C /* UIScrollView+MJRefresh.m */ = {isa = PBXFileReference; fileEncoding = 4; lastKnownFileType = sourcecode.c.objc; path = "UIScrollView+MJRefresh.m"; sourceTree = "<group>"; };
		B00D7AFB1CD9A2430090723C /* UIView+MJExtension.h */ = {isa = PBXFileReference; fileEncoding = 4; lastKnownFileType = sourcecode.c.h; path = "UIView+MJExtension.h"; sourceTree = "<group>"; };
		B00D7AFC1CD9A2430090723C /* UIView+MJExtension.m */ = {isa = PBXFileReference; fileEncoding = 4; lastKnownFileType = sourcecode.c.objc; path = "UIView+MJExtension.m"; sourceTree = "<group>"; };
		B00D7AFE1CD9A2430090723C /* MKAnnotationView+WebCache.h */ = {isa = PBXFileReference; fileEncoding = 4; lastKnownFileType = sourcecode.c.h; path = "MKAnnotationView+WebCache.h"; sourceTree = "<group>"; };
		B00D7AFF1CD9A2430090723C /* MKAnnotationView+WebCache.m */ = {isa = PBXFileReference; fileEncoding = 4; lastKnownFileType = sourcecode.c.objc; path = "MKAnnotationView+WebCache.m"; sourceTree = "<group>"; };
		B00D7B001CD9A2430090723C /* NSData+ImageContentType.h */ = {isa = PBXFileReference; fileEncoding = 4; lastKnownFileType = sourcecode.c.h; path = "NSData+ImageContentType.h"; sourceTree = "<group>"; };
		B00D7B011CD9A2430090723C /* NSData+ImageContentType.m */ = {isa = PBXFileReference; fileEncoding = 4; lastKnownFileType = sourcecode.c.objc; path = "NSData+ImageContentType.m"; sourceTree = "<group>"; };
		B00D7B021CD9A2430090723C /* SDImageCache.h */ = {isa = PBXFileReference; fileEncoding = 4; lastKnownFileType = sourcecode.c.h; path = SDImageCache.h; sourceTree = "<group>"; };
		B00D7B031CD9A2430090723C /* SDImageCache.m */ = {isa = PBXFileReference; fileEncoding = 4; lastKnownFileType = sourcecode.c.objc; path = SDImageCache.m; sourceTree = "<group>"; };
		B00D7B041CD9A2430090723C /* SDWebImageCompat.h */ = {isa = PBXFileReference; fileEncoding = 4; lastKnownFileType = sourcecode.c.h; path = SDWebImageCompat.h; sourceTree = "<group>"; };
		B00D7B051CD9A2430090723C /* SDWebImageCompat.m */ = {isa = PBXFileReference; fileEncoding = 4; lastKnownFileType = sourcecode.c.objc; path = SDWebImageCompat.m; sourceTree = "<group>"; };
		B00D7B061CD9A2430090723C /* SDWebImageDecoder.h */ = {isa = PBXFileReference; fileEncoding = 4; lastKnownFileType = sourcecode.c.h; path = SDWebImageDecoder.h; sourceTree = "<group>"; };
		B00D7B071CD9A2430090723C /* SDWebImageDecoder.m */ = {isa = PBXFileReference; fileEncoding = 4; lastKnownFileType = sourcecode.c.objc; path = SDWebImageDecoder.m; sourceTree = "<group>"; };
		B00D7B081CD9A2430090723C /* SDWebImageDownloader.h */ = {isa = PBXFileReference; fileEncoding = 4; lastKnownFileType = sourcecode.c.h; path = SDWebImageDownloader.h; sourceTree = "<group>"; };
		B00D7B091CD9A2430090723C /* SDWebImageDownloader.m */ = {isa = PBXFileReference; fileEncoding = 4; lastKnownFileType = sourcecode.c.objc; path = SDWebImageDownloader.m; sourceTree = "<group>"; };
		B00D7B0A1CD9A2430090723C /* SDWebImageDownloaderOperation.h */ = {isa = PBXFileReference; fileEncoding = 4; lastKnownFileType = sourcecode.c.h; path = SDWebImageDownloaderOperation.h; sourceTree = "<group>"; };
		B00D7B0B1CD9A2430090723C /* SDWebImageDownloaderOperation.m */ = {isa = PBXFileReference; fileEncoding = 4; lastKnownFileType = sourcecode.c.objc; path = SDWebImageDownloaderOperation.m; sourceTree = "<group>"; };
		B00D7B0C1CD9A2430090723C /* SDWebImageManager.h */ = {isa = PBXFileReference; fileEncoding = 4; lastKnownFileType = sourcecode.c.h; path = SDWebImageManager.h; sourceTree = "<group>"; };
		B00D7B0D1CD9A2430090723C /* SDWebImageManager.m */ = {isa = PBXFileReference; fileEncoding = 4; lastKnownFileType = sourcecode.c.objc; path = SDWebImageManager.m; sourceTree = "<group>"; };
		B00D7B0E1CD9A2430090723C /* SDWebImageOperation.h */ = {isa = PBXFileReference; fileEncoding = 4; lastKnownFileType = sourcecode.c.h; path = SDWebImageOperation.h; sourceTree = "<group>"; };
		B00D7B0F1CD9A2430090723C /* SDWebImagePrefetcher.h */ = {isa = PBXFileReference; fileEncoding = 4; lastKnownFileType = sourcecode.c.h; path = SDWebImagePrefetcher.h; sourceTree = "<group>"; };
		B00D7B101CD9A2430090723C /* SDWebImagePrefetcher.m */ = {isa = PBXFileReference; fileEncoding = 4; lastKnownFileType = sourcecode.c.objc; path = SDWebImagePrefetcher.m; sourceTree = "<group>"; };
		B00D7B111CD9A2430090723C /* UIButton+WebCache.h */ = {isa = PBXFileReference; fileEncoding = 4; lastKnownFileType = sourcecode.c.h; path = "UIButton+WebCache.h"; sourceTree = "<group>"; };
		B00D7B121CD9A2430090723C /* UIButton+WebCache.m */ = {isa = PBXFileReference; fileEncoding = 4; lastKnownFileType = sourcecode.c.objc; path = "UIButton+WebCache.m"; sourceTree = "<group>"; };
		B00D7B131CD9A2430090723C /* UIImage+GIF.h */ = {isa = PBXFileReference; fileEncoding = 4; lastKnownFileType = sourcecode.c.h; path = "UIImage+GIF.h"; sourceTree = "<group>"; };
		B00D7B141CD9A2430090723C /* UIImage+GIF.m */ = {isa = PBXFileReference; fileEncoding = 4; lastKnownFileType = sourcecode.c.objc; path = "UIImage+GIF.m"; sourceTree = "<group>"; };
		B00D7B151CD9A2430090723C /* UIImage+MultiFormat.h */ = {isa = PBXFileReference; fileEncoding = 4; lastKnownFileType = sourcecode.c.h; path = "UIImage+MultiFormat.h"; sourceTree = "<group>"; };
		B00D7B161CD9A2430090723C /* UIImage+MultiFormat.m */ = {isa = PBXFileReference; fileEncoding = 4; lastKnownFileType = sourcecode.c.objc; path = "UIImage+MultiFormat.m"; sourceTree = "<group>"; };
		B00D7B171CD9A2430090723C /* UIImage+WebP.h */ = {isa = PBXFileReference; fileEncoding = 4; lastKnownFileType = sourcecode.c.h; path = "UIImage+WebP.h"; sourceTree = "<group>"; };
		B00D7B181CD9A2430090723C /* UIImage+WebP.m */ = {isa = PBXFileReference; fileEncoding = 4; lastKnownFileType = sourcecode.c.objc; path = "UIImage+WebP.m"; sourceTree = "<group>"; };
		B00D7B191CD9A2430090723C /* UIImageView+HighlightedWebCache.h */ = {isa = PBXFileReference; fileEncoding = 4; lastKnownFileType = sourcecode.c.h; path = "UIImageView+HighlightedWebCache.h"; sourceTree = "<group>"; };
		B00D7B1A1CD9A2430090723C /* UIImageView+HighlightedWebCache.m */ = {isa = PBXFileReference; fileEncoding = 4; lastKnownFileType = sourcecode.c.objc; path = "UIImageView+HighlightedWebCache.m"; sourceTree = "<group>"; };
		B00D7B1B1CD9A2430090723C /* UIImageView+WebCache.h */ = {isa = PBXFileReference; fileEncoding = 4; lastKnownFileType = sourcecode.c.h; path = "UIImageView+WebCache.h"; sourceTree = "<group>"; };
		B00D7B1C1CD9A2430090723C /* UIImageView+WebCache.m */ = {isa = PBXFileReference; fileEncoding = 4; lastKnownFileType = sourcecode.c.objc; path = "UIImageView+WebCache.m"; sourceTree = "<group>"; };
		B00D7B1D1CD9A2430090723C /* UIView+WebCacheOperation.h */ = {isa = PBXFileReference; fileEncoding = 4; lastKnownFileType = sourcecode.c.h; path = "UIView+WebCacheOperation.h"; sourceTree = "<group>"; };
		B00D7B1E1CD9A2430090723C /* UIView+WebCacheOperation.m */ = {isa = PBXFileReference; fileEncoding = 4; lastKnownFileType = sourcecode.c.objc; path = "UIView+WebCacheOperation.m"; sourceTree = "<group>"; };
		B00D7B5F1CD9B73E0090723C /* WHMainTableViewCell.h */ = {isa = PBXFileReference; fileEncoding = 4; lastKnownFileType = sourcecode.c.h; path = WHMainTableViewCell.h; sourceTree = "<group>"; };
		B00D7B601CD9B73E0090723C /* WHMainTableViewCell.m */ = {isa = PBXFileReference; fileEncoding = 4; lastKnownFileType = sourcecode.c.objc; path = WHMainTableViewCell.m; sourceTree = "<group>"; };
		B00D7B611CD9B73E0090723C /* WHMainTableViewCell.xib */ = {isa = PBXFileReference; fileEncoding = 4; lastKnownFileType = file.xib; path = WHMainTableViewCell.xib; sourceTree = "<group>"; };
		B015BD611CDAD8FD0071EA31 /* WHRegion.h */ = {isa = PBXFileReference; fileEncoding = 4; lastKnownFileType = sourcecode.c.h; path = WHRegion.h; sourceTree = "<group>"; };
		B015BD621CDAD8FD0071EA31 /* WHRegion.m */ = {isa = PBXFileReference; fileEncoding = 4; lastKnownFileType = sourcecode.c.objc; path = WHRegion.m; sourceTree = "<group>"; };
		B015BD641CDAD9400071EA31 /* WHCity.h */ = {isa = PBXFileReference; fileEncoding = 4; lastKnownFileType = sourcecode.c.h; path = WHCity.h; sourceTree = "<group>"; };
		B015BD651CDAD9400071EA31 /* WHCity.m */ = {isa = PBXFileReference; fileEncoding = 4; lastKnownFileType = sourcecode.c.objc; path = WHCity.m; sourceTree = "<group>"; };
		B015BD671CDAED320071EA31 /* WHMetaDataView.h */ = {isa = PBXFileReference; fileEncoding = 4; lastKnownFileType = sourcecode.c.h; path = WHMetaDataView.h; sourceTree = "<group>"; };
		B015BD681CDAED320071EA31 /* WHMetaDataView.m */ = {isa = PBXFileReference; fileEncoding = 4; lastKnownFileType = sourcecode.c.objc; path = WHMetaDataView.m; sourceTree = "<group>"; };
		B015BD6A1CDAED3E0071EA31 /* WHMetaDataView.xib */ = {isa = PBXFileReference; fileEncoding = 4; lastKnownFileType = file.xib; path = WHMetaDataView.xib; sourceTree = "<group>"; };
		B015BD6C1CDAF85B0071EA31 /* WHMetaDataTableViewCell.h */ = {isa = PBXFileReference; fileEncoding = 4; lastKnownFileType = sourcecode.c.h; path = WHMetaDataTableViewCell.h; sourceTree = "<group>"; };
		B015BD6D1CDAF85B0071EA31 /* WHMetaDataTableViewCell.m */ = {isa = PBXFileReference; fileEncoding = 4; lastKnownFileType = sourcecode.c.objc; path = WHMetaDataTableViewCell.m; sourceTree = "<group>"; };
		B015BD711CDB22C60071EA31 /* WHCategory.h */ = {isa = PBXFileReference; fileEncoding = 4; lastKnownFileType = sourcecode.c.h; path = WHCategory.h; sourceTree = "<group>"; };
		B015BD721CDB22C60071EA31 /* WHCategory.m */ = {isa = PBXFileReference; fileEncoding = 4; lastKnownFileType = sourcecode.c.objc; path = WHCategory.m; sourceTree = "<group>"; };
		B015BD741CDB39FF0071EA31 /* WHSearchViewController.h */ = {isa = PBXFileReference; fileEncoding = 4; lastKnownFileType = sourcecode.c.h; path = WHSearchViewController.h; sourceTree = "<group>"; };
		B015BD751CDB39FF0071EA31 /* WHSearchViewController.m */ = {isa = PBXFileReference; fileEncoding = 4; lastKnownFileType = sourcecode.c.objc; path = WHSearchViewController.m; sourceTree = "<group>"; };
		B05D47D21CD9D2B0007D78CB /* WHBusinessHeaderView.h */ = {isa = PBXFileReference; fileEncoding = 4; lastKnownFileType = sourcecode.c.h; path = WHBusinessHeaderView.h; sourceTree = "<group>"; };
		B05D47D31CD9D2B0007D78CB /* WHBusinessHeaderView.m */ = {isa = PBXFileReference; fileEncoding = 4; lastKnownFileType = sourcecode.c.objc; path = WHBusinessHeaderView.m; sourceTree = "<group>"; };
		B05D47D51CD9D2C1007D78CB /* WHBusinessHeaderView.xib */ = {isa = PBXFileReference; fileEncoding = 4; lastKnownFileType = file.xib; path = WHBusinessHeaderView.xib; sourceTree = "<group>"; };
		B05D47D71CD9D865007D78CB /* UIView+Extension.h */ = {isa = PBXFileReference; fileEncoding = 4; lastKnownFileType = sourcecode.c.h; path = "UIView+Extension.h"; sourceTree = "<group>"; };
		B05D47D81CD9D865007D78CB /* UIView+Extension.m */ = {isa = PBXFileReference; fileEncoding = 4; lastKnownFileType = sourcecode.c.objc; path = "UIView+Extension.m"; sourceTree = "<group>"; };
		B05D47DB1CD9E546007D78CB /* categories.plist */ = {isa = PBXFileReference; fileEncoding = 4; lastKnownFileType = text.plist.xml; path = categories.plist; sourceTree = "<group>"; };
		B05D47DC1CD9E546007D78CB /* cities.plist */ = {isa = PBXFileReference; fileEncoding = 4; lastKnownFileType = text.plist.xml; path = cities.plist; sourceTree = "<group>"; };
		B05D47DD1CD9E546007D78CB /* city.plist */ = {isa = PBXFileReference; lastKnownFileType = file.bplist; path = city.plist; sourceTree = "<group>"; };
		B05D47DE1CD9E546007D78CB /* citydata.plist */ = {isa = PBXFileReference; fileEncoding = 4; lastKnownFileType = text.plist.xml; path = citydata.plist; sourceTree = "<group>"; };
		B05D47DF1CD9E546007D78CB /* citydict.plist */ = {isa = PBXFileReference; fileEncoding = 4; lastKnownFileType = text.plist.xml; path = citydict.plist; sourceTree = "<group>"; };
		B05D47E01CD9E546007D78CB /* cityGroups.plist */ = {isa = PBXFileReference; fileEncoding = 4; lastKnownFileType = text.plist.xml; path = cityGroups.plist; sourceTree = "<group>"; };
		B05D47E11CD9E546007D78CB /* menuData.plist */ = {isa = PBXFileReference; fileEncoding = 4; lastKnownFileType = text.plist.xml; path = menuData.plist; sourceTree = "<group>"; };
		B05D47E21CD9E546007D78CB /* MineInformationData.plist */ = {isa = PBXFileReference; fileEncoding = 4; lastKnownFileType = text.plist.xml; path = MineInformationData.plist; sourceTree = "<group>"; };
		B05D47E31CD9E546007D78CB /* MoreData.plist */ = {isa = PBXFileReference; fileEncoding = 4; lastKnownFileType = text.plist.xml; path = MoreData.plist; sourceTree = "<group>"; };
		B05D47E41CD9E546007D78CB /* PortalSettings.plist */ = {isa = PBXFileReference; lastKnownFileType = file.bplist; path = PortalSettings.plist; sourceTree = "<group>"; };
		B05D47E51CD9E546007D78CB /* sorts.plist */ = {isa = PBXFileReference; fileEncoding = 4; lastKnownFileType = text.plist.xml; path = sorts.plist; sourceTree = "<group>"; };
		B05D47F11CD9E656007D78CB /* WHSort.h */ = {isa = PBXFileReference; fileEncoding = 4; lastKnownFileType = sourcecode.c.h; path = WHSort.h; sourceTree = "<group>"; };
		B05D47F21CD9E656007D78CB /* WHSort.m */ = {isa = PBXFileReference; fileEncoding = 4; lastKnownFileType = sourcecode.c.objc; path = WHSort.m; sourceTree = "<group>"; };
		B05D47F41CD9E78F007D78CB /* WHMetaDataTool.h */ = {isa = PBXFileReference; fileEncoding = 4; lastKnownFileType = sourcecode.c.h; path = WHMetaDataTool.h; sourceTree = "<group>"; };
		B05D47F51CD9E78F007D78CB /* WHMetaDataTool.m */ = {isa = PBXFileReference; fileEncoding = 4; lastKnownFileType = sourcecode.c.objc; path = WHMetaDataTool.m; sourceTree = "<group>"; };
		B05D47F71CD9EDDF007D78CB /* WHSortViewController.h */ = {isa = PBXFileReference; fileEncoding = 4; lastKnownFileType = sourcecode.c.h; path = WHSortViewController.h; sourceTree = "<group>"; };
		B05D47F81CD9EDDF007D78CB /* WHSortViewController.m */ = {isa = PBXFileReference; fileEncoding = 4; lastKnownFileType = sourcecode.c.objc; path = WHSortViewController.m; sourceTree = "<group>"; };
		B05D47FA1CD9F89B007D78CB /* WHRegionViewController.h */ = {isa = PBXFileReference; fileEncoding = 4; lastKnownFileType = sourcecode.c.h; path = WHRegionViewController.h; sourceTree = "<group>"; };
		B05D47FB1CD9F89B007D78CB /* WHRegionViewController.m */ = {isa = PBXFileReference; fileEncoding = 4; lastKnownFileType = sourcecode.c.objc; path = WHRegionViewController.m; sourceTree = "<group>"; };
		B05D47FD1CD9F8A7007D78CB /* WHCategoryViewController.h */ = {isa = PBXFileReference; fileEncoding = 4; lastKnownFileType = sourcecode.c.h; path = WHCategoryViewController.h; sourceTree = "<group>"; };
		B05D47FE1CD9F8A7007D78CB /* WHCategoryViewController.m */ = {isa = PBXFileReference; fileEncoding = 4; lastKnownFileType = sourcecode.c.objc; path = WHCategoryViewController.m; sourceTree = "<group>"; };
		B0C48D991CDC7351005F632D /* TRLocationManager.h */ = {isa = PBXFileReference; fileEncoding = 4; lastKnownFileType = sourcecode.c.h; path = TRLocationManager.h; sourceTree = "<group>"; };
		B0C48D9A1CDC7351005F632D /* TRLocationManager.m */ = {isa = PBXFileReference; fileEncoding = 4; lastKnownFileType = sourcecode.c.objc; path = TRLocationManager.m; sourceTree = "<group>"; };
		B0C48DC21CDC9467005F632D /* WHCityGroupTableViewController.h */ = {isa = PBXFileReference; fileEncoding = 4; lastKnownFileType = sourcecode.c.h; path = WHCityGroupTableViewController.h; sourceTree = "<group>"; };
		B0C48DC31CDC9467005F632D /* WHCityGroupTableViewController.m */ = {isa = PBXFileReference; fileEncoding = 4; lastKnownFileType = sourcecode.c.objc; path = WHCityGroupTableViewController.m; sourceTree = "<group>"; };
		B0C48DC51CDC993D005F632D /* WHCityGroup.h */ = {isa = PBXFileReference; fileEncoding = 4; lastKnownFileType = sourcecode.c.h; path = WHCityGroup.h; sourceTree = "<group>"; };
		B0C48DC61CDC993D005F632D /* WHCityGroup.m */ = {isa = PBXFileReference; fileEncoding = 4; lastKnownFileType = sourcecode.c.objc; path = WHCityGroup.m; sourceTree = "<group>"; };
		B0E305D11CD87A62003FB6DC /* WHLetao.app */ = {isa = PBXFileReference; explicitFileType = wrapper.application; includeInIndex = 0; path = WHLetao.app; sourceTree = BUILT_PRODUCTS_DIR; };
		B0E305D51CD87A62003FB6DC /* main.m */ = {isa = PBXFileReference; lastKnownFileType = sourcecode.c.objc; path = main.m; sourceTree = "<group>"; };
		B0E305D71CD87A62003FB6DC /* AppDelegate.h */ = {isa = PBXFileReference; lastKnownFileType = sourcecode.c.h; path = AppDelegate.h; sourceTree = "<group>"; };
		B0E305D81CD87A62003FB6DC /* AppDelegate.m */ = {isa = PBXFileReference; lastKnownFileType = sourcecode.c.objc; path = AppDelegate.m; sourceTree = "<group>"; };
		B0E305DE1CD87A62003FB6DC /* Base */ = {isa = PBXFileReference; lastKnownFileType = file.storyboard; name = Base; path = Base.lproj/Main.storyboard; sourceTree = "<group>"; };
		B0E305E01CD87A63003FB6DC /* Assets.xcassets */ = {isa = PBXFileReference; lastKnownFileType = folder.assetcatalog; path = Assets.xcassets; sourceTree = "<group>"; };
		B0E305E31CD87A63003FB6DC /* Base */ = {isa = PBXFileReference; lastKnownFileType = file.storyboard; name = Base; path = Base.lproj/LaunchScreen.storyboard; sourceTree = "<group>"; };
		B0E305E51CD87A63003FB6DC /* Info.plist */ = {isa = PBXFileReference; lastKnownFileType = text.plist.xml; path = Info.plist; sourceTree = "<group>"; };
		B0E306001CD87E69003FB6DC /* DPAPI.h */ = {isa = PBXFileReference; fileEncoding = 4; lastKnownFileType = sourcecode.c.h; path = DPAPI.h; sourceTree = "<group>"; };
		B0E306011CD87E69003FB6DC /* DPAPI.m */ = {isa = PBXFileReference; fileEncoding = 4; lastKnownFileType = sourcecode.c.objc; path = DPAPI.m; sourceTree = "<group>"; };
		B0E306021CD87E69003FB6DC /* DPConstants.h */ = {isa = PBXFileReference; fileEncoding = 4; lastKnownFileType = sourcecode.c.h; path = DPConstants.h; sourceTree = "<group>"; };
		B0E306031CD87E69003FB6DC /* DPRequest.h */ = {isa = PBXFileReference; fileEncoding = 4; lastKnownFileType = sourcecode.c.h; path = DPRequest.h; sourceTree = "<group>"; };
		B0E306041CD87E69003FB6DC /* DPRequest.m */ = {isa = PBXFileReference; fileEncoding = 4; lastKnownFileType = sourcecode.c.objc; path = DPRequest.m; sourceTree = "<group>"; };
		B0E306071CD8904B003FB6DC /* WHBaseNaviController.h */ = {isa = PBXFileReference; fileEncoding = 4; lastKnownFileType = sourcecode.c.h; path = WHBaseNaviController.h; sourceTree = "<group>"; };
		B0E306081CD8904B003FB6DC /* WHBaseNaviController.m */ = {isa = PBXFileReference; fileEncoding = 4; lastKnownFileType = sourcecode.c.objc; path = WHBaseNaviController.m; sourceTree = "<group>"; };
		B0E3060A1CD8908D003FB6DC /* WHMainTabBarController.h */ = {isa = PBXFileReference; fileEncoding = 4; lastKnownFileType = sourcecode.c.h; path = WHMainTabBarController.h; sourceTree = "<group>"; };
		B0E3060B1CD8908D003FB6DC /* WHMainTabBarController.m */ = {isa = PBXFileReference; fileEncoding = 4; lastKnownFileType = sourcecode.c.objc; path = WHMainTabBarController.m; sourceTree = "<group>"; };
		B0E3060D1CD89233003FB6DC /* WHBaseTableTableViewController.h */ = {isa = PBXFileReference; fileEncoding = 4; lastKnownFileType = sourcecode.c.h; path = WHBaseTableTableViewController.h; sourceTree = "<group>"; };
		B0E3060E1CD89233003FB6DC /* WHBaseTableTableViewController.m */ = {isa = PBXFileReference; fileEncoding = 4; lastKnownFileType = sourcecode.c.objc; path = WHBaseTableTableViewController.m; sourceTree = "<group>"; };
		B0E306101CD89252003FB6DC /* WHMeTableViewController.h */ = {isa = PBXFileReference; fileEncoding = 4; lastKnownFileType = sourcecode.c.h; path = WHMeTableViewController.h; sourceTree = "<group>"; };
		B0E306111CD89252003FB6DC /* WHMeTableViewController.m */ = {isa = PBXFileReference; fileEncoding = 4; lastKnownFileType = sourcecode.c.objc; path = WHMeTableViewController.m; sourceTree = "<group>"; };
		B0E306131CD89289003FB6DC /* WHBusinessViewController.h */ = {isa = PBXFileReference; fileEncoding = 4; lastKnownFileType = sourcecode.c.h; path = WHBusinessViewController.h; sourceTree = "<group>"; };
		B0E306141CD89289003FB6DC /* WHBusinessViewController.m */ = {isa = PBXFileReference; fileEncoding = 4; lastKnownFileType = sourcecode.c.objc; path = WHBusinessViewController.m; sourceTree = "<group>"; };
		B0E306171CD892A6003FB6DC /* WHHomeViewController.h */ = {isa = PBXFileReference; fileEncoding = 4; lastKnownFileType = sourcecode.c.h; path = WHHomeViewController.h; sourceTree = "<group>"; };
		B0E306181CD892A6003FB6DC /* WHHomeViewController.m */ = {isa = PBXFileReference; fileEncoding = 4; lastKnownFileType = sourcecode.c.objc; path = WHHomeViewController.m; sourceTree = "<group>"; };
		B0E3061A1CD89810003FB6DC /* WHDeal.h */ = {isa = PBXFileReference; fileEncoding = 4; lastKnownFileType = sourcecode.c.h; path = WHDeal.h; sourceTree = "<group>"; };
		B0E3061B1CD89810003FB6DC /* WHDeal.m */ = {isa = PBXFileReference; fileEncoding = 4; lastKnownFileType = sourcecode.c.objc; path = WHDeal.m; sourceTree = "<group>"; };
/* End PBXFileReference section */

/* Begin PBXFrameworksBuildPhase section */
		B0E305CE1CD87A62003FB6DC /* Frameworks */ = {
			isa = PBXFrameworksBuildPhase;
			buildActionMask = 2147483647;
			files = (
			);
			runOnlyForDeploymentPostprocessing = 0;
		};
/* End PBXFrameworksBuildPhase section */

/* Begin PBXGroup section */
		B00D7A981CD9A2430090723C /* FlatUIKit */ = {
			isa = PBXGroup;
			children = (
				B00D7A991CD9A2430090723C /* Classes */,
				B00D7AC41CD9A2430090723C /* LICENSE */,
				B00D7AC51CD9A2430090723C /* README.markdown */,
				B00D7AC61CD9A2430090723C /* Resources */,
			);
			path = FlatUIKit;
			sourceTree = "<group>";
		};
		B00D7A991CD9A2430090723C /* Classes */ = {
			isa = PBXGroup;
			children = (
				B00D7A9A1CD9A2430090723C /* ios */,
			);
			path = Classes;
			sourceTree = "<group>";
		};
		B00D7A9A1CD9A2430090723C /* ios */ = {
			isa = PBXGroup;
			children = (
				B00D7A9B1CD9A2430090723C /* FlatUIKit.h */,
				B00D7A9C1CD9A2430090723C /* FUIAlertView.h */,
				B00D7A9D1CD9A2430090723C /* FUIAlertView.m */,
				B00D7A9E1CD9A2430090723C /* FUIButton.h */,
				B00D7A9F1CD9A2430090723C /* FUIButton.m */,
				B00D7AA01CD9A2430090723C /* FUICellBackgroundView.h */,
				B00D7AA11CD9A2430090723C /* FUICellBackgroundView.m */,
				B00D7AA21CD9A2430090723C /* FUIPopoverBackgroundView.h */,
				B00D7AA31CD9A2430090723C /* FUIPopoverBackgroundView.m */,
				B00D7AA41CD9A2430090723C /* FUISegmentedControl.h */,
				B00D7AA51CD9A2430090723C /* FUISegmentedControl.m */,
				B00D7AA61CD9A2430090723C /* FUISwitch.h */,
				B00D7AA71CD9A2430090723C /* FUISwitch.m */,
				B00D7AA81CD9A2430090723C /* FUITextField.h */,
				B00D7AA91CD9A2430090723C /* FUITextField.m */,
				B00D7AAA1CD9A2430090723C /* NSString+Icons.h */,
				B00D7AAB1CD9A2430090723C /* NSString+Icons.m */,
				B00D7AAC1CD9A2430090723C /* UIBarButtonItem+FlatUI.h */,
				B00D7AAD1CD9A2430090723C /* UIBarButtonItem+FlatUI.m */,
				B00D7AAE1CD9A2430090723C /* UIColor+FlatUI.h */,
				B00D7AAF1CD9A2430090723C /* UIColor+FlatUI.m */,
				B00D7AB01CD9A2430090723C /* UIFont+FlatUI.h */,
				B00D7AB11CD9A2430090723C /* UIFont+FlatUI.m */,
				B00D7AB21CD9A2430090723C /* UIImage+FlatUI.h */,
				B00D7AB31CD9A2430090723C /* UIImage+FlatUI.m */,
				B00D7AB41CD9A2430090723C /* UINavigationBar+FlatUI.h */,
				B00D7AB51CD9A2430090723C /* UINavigationBar+FlatUI.m */,
				B00D7AB61CD9A2430090723C /* UIPopoverController+FlatUI.h */,
				B00D7AB71CD9A2430090723C /* UIPopoverController+FlatUI.m */,
				B00D7AB81CD9A2430090723C /* UIProgressView+FlatUI.h */,
				B00D7AB91CD9A2430090723C /* UIProgressView+FlatUI.m */,
				B00D7ABA1CD9A2430090723C /* UISlider+FlatUI.h */,
				B00D7ABB1CD9A2430090723C /* UISlider+FlatUI.m */,
				B00D7ABC1CD9A2430090723C /* UIStepper+FlatUI.h */,
				B00D7ABD1CD9A2430090723C /* UIStepper+FlatUI.m */,
				B00D7ABE1CD9A2430090723C /* UITabBar+FlatUI.h */,
				B00D7ABF1CD9A2430090723C /* UITabBar+FlatUI.m */,
				B00D7AC01CD9A2430090723C /* UITableViewCell+FlatUI.h */,
				B00D7AC11CD9A2430090723C /* UITableViewCell+FlatUI.m */,
				B00D7AC21CD9A2430090723C /* UIToolbar+FlatUI.h */,
				B00D7AC31CD9A2430090723C /* UIToolbar+FlatUI.m */,
			);
			path = ios;
			sourceTree = "<group>";
		};
		B00D7AC61CD9A2430090723C /* Resources */ = {
			isa = PBXGroup;
			children = (
				B00D7AC71CD9A2430090723C /* flat-ui-icons-regular.ttf */,
				B00D7AC81CD9A2430090723C /* Lato-Bold.ttf */,
				B00D7AC91CD9A2430090723C /* Lato-Italic.ttf */,
				B00D7ACA1CD9A2430090723C /* Lato-Light.ttf */,
				B00D7ACB1CD9A2430090723C /* Lato-Regular.ttf */,
			);
			path = Resources;
			sourceTree = "<group>";
		};
		B00D7ACD1CD9A2430090723C /* MBProgressHUD */ = {
			isa = PBXGroup;
			children = (
				B00D7ACE1CD9A2430090723C /* MBProgressHUD.h */,
				B00D7ACF1CD9A2430090723C /* MBProgressHUD.m */,
			);
			path = MBProgressHUD;
			sourceTree = "<group>";
		};
		B00D7AD01CD9A2430090723C /* MJRefresh */ = {
			isa = PBXGroup;
			children = (
				B00D7AD11CD9A2430090723C /* Base */,
				B00D7ADC1CD9A2430090723C /* Custom */,
				B00D7AF31CD9A2430090723C /* MJRefresh.bundle */,
				B00D7AF41CD9A2430090723C /* MJRefresh.h */,
				B00D7AF51CD9A2430090723C /* MJRefreshConst.h */,
				B00D7AF61CD9A2430090723C /* MJRefreshConst.m */,
				B00D7AF71CD9A2430090723C /* UIScrollView+MJExtension.h */,
				B00D7AF81CD9A2430090723C /* UIScrollView+MJExtension.m */,
				B00D7AF91CD9A2430090723C /* UIScrollView+MJRefresh.h */,
				B00D7AFA1CD9A2430090723C /* UIScrollView+MJRefresh.m */,
				B00D7AFB1CD9A2430090723C /* UIView+MJExtension.h */,
				B00D7AFC1CD9A2430090723C /* UIView+MJExtension.m */,
			);
			path = MJRefresh;
			sourceTree = "<group>";
		};
		B00D7AD11CD9A2430090723C /* Base */ = {
			isa = PBXGroup;
			children = (
				B00D7AD21CD9A2430090723C /* MJRefreshAutoFooter.h */,
				B00D7AD31CD9A2430090723C /* MJRefreshAutoFooter.m */,
				B00D7AD41CD9A2430090723C /* MJRefreshBackFooter.h */,
				B00D7AD51CD9A2430090723C /* MJRefreshBackFooter.m */,
				B00D7AD61CD9A2430090723C /* MJRefreshComponent.h */,
				B00D7AD71CD9A2430090723C /* MJRefreshComponent.m */,
				B00D7AD81CD9A2430090723C /* MJRefreshFooter.h */,
				B00D7AD91CD9A2430090723C /* MJRefreshFooter.m */,
				B00D7ADA1CD9A2430090723C /* MJRefreshHeader.h */,
				B00D7ADB1CD9A2430090723C /* MJRefreshHeader.m */,
			);
			path = Base;
			sourceTree = "<group>";
		};
		B00D7ADC1CD9A2430090723C /* Custom */ = {
			isa = PBXGroup;
			children = (
				B00D7ADD1CD9A2430090723C /* Footer */,
				B00D7AEC1CD9A2430090723C /* Header */,
			);
			path = Custom;
			sourceTree = "<group>";
		};
		B00D7ADD1CD9A2430090723C /* Footer */ = {
			isa = PBXGroup;
			children = (
				B00D7ADE1CD9A2430090723C /* Auto */,
				B00D7AE51CD9A2430090723C /* Back */,
			);
			path = Footer;
			sourceTree = "<group>";
		};
		B00D7ADE1CD9A2430090723C /* Auto */ = {
			isa = PBXGroup;
			children = (
				B00D7ADF1CD9A2430090723C /* MJRefreshAutoGifFooter.h */,
				B00D7AE01CD9A2430090723C /* MJRefreshAutoGifFooter.m */,
				B00D7AE11CD9A2430090723C /* MJRefreshAutoNormalFooter.h */,
				B00D7AE21CD9A2430090723C /* MJRefreshAutoNormalFooter.m */,
				B00D7AE31CD9A2430090723C /* MJRefreshAutoStateFooter.h */,
				B00D7AE41CD9A2430090723C /* MJRefreshAutoStateFooter.m */,
			);
			path = Auto;
			sourceTree = "<group>";
		};
		B00D7AE51CD9A2430090723C /* Back */ = {
			isa = PBXGroup;
			children = (
				B00D7AE61CD9A2430090723C /* MJRefreshBackGifFooter.h */,
				B00D7AE71CD9A2430090723C /* MJRefreshBackGifFooter.m */,
				B00D7AE81CD9A2430090723C /* MJRefreshBackNormalFooter.h */,
				B00D7AE91CD9A2430090723C /* MJRefreshBackNormalFooter.m */,
				B00D7AEA1CD9A2430090723C /* MJRefreshBackStateFooter.h */,
				B00D7AEB1CD9A2430090723C /* MJRefreshBackStateFooter.m */,
			);
			path = Back;
			sourceTree = "<group>";
		};
		B00D7AEC1CD9A2430090723C /* Header */ = {
			isa = PBXGroup;
			children = (
				B00D7AED1CD9A2430090723C /* MJRefreshGifHeader.h */,
				B00D7AEE1CD9A2430090723C /* MJRefreshGifHeader.m */,
				B00D7AEF1CD9A2430090723C /* MJRefreshNormalHeader.h */,
				B00D7AF01CD9A2430090723C /* MJRefreshNormalHeader.m */,
				B00D7AF11CD9A2430090723C /* MJRefreshStateHeader.h */,
				B00D7AF21CD9A2430090723C /* MJRefreshStateHeader.m */,
			);
			path = Header;
			sourceTree = "<group>";
		};
		B00D7AFD1CD9A2430090723C /* SDWebImage */ = {
			isa = PBXGroup;
			children = (
				B00D7AFE1CD9A2430090723C /* MKAnnotationView+WebCache.h */,
				B00D7AFF1CD9A2430090723C /* MKAnnotationView+WebCache.m */,
				B00D7B001CD9A2430090723C /* NSData+ImageContentType.h */,
				B00D7B011CD9A2430090723C /* NSData+ImageContentType.m */,
				B00D7B021CD9A2430090723C /* SDImageCache.h */,
				B00D7B031CD9A2430090723C /* SDImageCache.m */,
				B00D7B041CD9A2430090723C /* SDWebImageCompat.h */,
				B00D7B051CD9A2430090723C /* SDWebImageCompat.m */,
				B00D7B061CD9A2430090723C /* SDWebImageDecoder.h */,
				B00D7B071CD9A2430090723C /* SDWebImageDecoder.m */,
				B00D7B081CD9A2430090723C /* SDWebImageDownloader.h */,
				B00D7B091CD9A2430090723C /* SDWebImageDownloader.m */,
				B00D7B0A1CD9A2430090723C /* SDWebImageDownloaderOperation.h */,
				B00D7B0B1CD9A2430090723C /* SDWebImageDownloaderOperation.m */,
				B00D7B0C1CD9A2430090723C /* SDWebImageManager.h */,
				B00D7B0D1CD9A2430090723C /* SDWebImageManager.m */,
				B00D7B0E1CD9A2430090723C /* SDWebImageOperation.h */,
				B00D7B0F1CD9A2430090723C /* SDWebImagePrefetcher.h */,
				B00D7B101CD9A2430090723C /* SDWebImagePrefetcher.m */,
				B00D7B111CD9A2430090723C /* UIButton+WebCache.h */,
				B00D7B121CD9A2430090723C /* UIButton+WebCache.m */,
				B00D7B131CD9A2430090723C /* UIImage+GIF.h */,
				B00D7B141CD9A2430090723C /* UIImage+GIF.m */,
				B00D7B151CD9A2430090723C /* UIImage+MultiFormat.h */,
				B00D7B161CD9A2430090723C /* UIImage+MultiFormat.m */,
				B00D7B171CD9A2430090723C /* UIImage+WebP.h */,
				B00D7B181CD9A2430090723C /* UIImage+WebP.m */,
				B00D7B191CD9A2430090723C /* UIImageView+HighlightedWebCache.h */,
				B00D7B1A1CD9A2430090723C /* UIImageView+HighlightedWebCache.m */,
				B00D7B1B1CD9A2430090723C /* UIImageView+WebCache.h */,
				B00D7B1C1CD9A2430090723C /* UIImageView+WebCache.m */,
				B00D7B1D1CD9A2430090723C /* UIView+WebCacheOperation.h */,
				B00D7B1E1CD9A2430090723C /* UIView+WebCacheOperation.m */,
			);
			path = SDWebImage;
			sourceTree = "<group>";
		};
		B05D47DA1CD9E546007D78CB /* PList */ = {
			isa = PBXGroup;
			children = (
				B05D47DB1CD9E546007D78CB /* categories.plist */,
				B05D47DC1CD9E546007D78CB /* cities.plist */,
				B05D47DD1CD9E546007D78CB /* city.plist */,
				B05D47DE1CD9E546007D78CB /* citydata.plist */,
				B05D47DF1CD9E546007D78CB /* citydict.plist */,
				B05D47E01CD9E546007D78CB /* cityGroups.plist */,
				B05D47E11CD9E546007D78CB /* menuData.plist */,
				B05D47E21CD9E546007D78CB /* MineInformationData.plist */,
				B05D47E31CD9E546007D78CB /* MoreData.plist */,
				B05D47E41CD9E546007D78CB /* PortalSettings.plist */,
				B05D47E51CD9E546007D78CB /* sorts.plist */,
			);
			path = PList;
			sourceTree = "<group>";
		};
		B0E305C81CD87A61003FB6DC = {
			isa = PBXGroup;
			children = (
				B0E305D31CD87A62003FB6DC /* WHLetao */,
				B0E305D21CD87A62003FB6DC /* Products */,
			);
			sourceTree = "<group>";
		};
		B0E305D21CD87A62003FB6DC /* Products */ = {
			isa = PBXGroup;
			children = (
				B0E305D11CD87A62003FB6DC /* WHLetao.app */,
			);
			name = Products;
			sourceTree = "<group>";
		};
		B0E305D31CD87A62003FB6DC /* WHLetao */ = {
			isa = PBXGroup;
			children = (
				B0E305EB1CD87C00003FB6DC /* Business */,
				B0E305EF1CD87C00003FB6DC /* Home */,
				B0E305F31CD87C00003FB6DC /* Libs */,
				B0E305F41CD87C00003FB6DC /* Me */,
				B0E305F81CD87C00003FB6DC /* Resources */,
				B0E305F91CD87C00003FB6DC /* Utility */,
				B0E305D71CD87A62003FB6DC /* AppDelegate.h */,
				B0E305D81CD87A62003FB6DC /* AppDelegate.m */,
				B0E305DD1CD87A62003FB6DC /* Main.storyboard */,
				B0E305E01CD87A63003FB6DC /* Assets.xcassets */,
				B0E305E21CD87A63003FB6DC /* LaunchScreen.storyboard */,
				B0E305E51CD87A63003FB6DC /* Info.plist */,
				B0E305D41CD87A62003FB6DC /* Supporting Files */,
			);
			path = WHLetao;
			sourceTree = "<group>";
		};
		B0E305D41CD87A62003FB6DC /* Supporting Files */ = {
			isa = PBXGroup;
			children = (
				B0E305D51CD87A62003FB6DC /* main.m */,
			);
			name = "Supporting Files";
			sourceTree = "<group>";
		};
		B0E305EB1CD87C00003FB6DC /* Business */ = {
			isa = PBXGroup;
			children = (
				B0E305EC1CD87C00003FB6DC /* Controller */,
				B0E305ED1CD87C00003FB6DC /* Model */,
				B0E305EE1CD87C00003FB6DC /* View */,
			);
			path = Business;
			sourceTree = "<group>";
		};
		B0E305EC1CD87C00003FB6DC /* Controller */ = {
			isa = PBXGroup;
			children = (
				B0E306131CD89289003FB6DC /* WHBusinessViewController.h */,
				B0E306141CD89289003FB6DC /* WHBusinessViewController.m */,
				B05D47F71CD9EDDF007D78CB /* WHSortViewController.h */,
				B05D47F81CD9EDDF007D78CB /* WHSortViewController.m */,
				B05D47FA1CD9F89B007D78CB /* WHRegionViewController.h */,
				B05D47FB1CD9F89B007D78CB /* WHRegionViewController.m */,
				B05D47FD1CD9F8A7007D78CB /* WHCategoryViewController.h */,
				B05D47FE1CD9F8A7007D78CB /* WHCategoryViewController.m */,
				B015BD741CDB39FF0071EA31 /* WHSearchViewController.h */,
				B015BD751CDB39FF0071EA31 /* WHSearchViewController.m */,
			);
			path = Controller;
			sourceTree = "<group>";
		};
		B0E305ED1CD87C00003FB6DC /* Model */ = {
			isa = PBXGroup;
			children = (
				B05D47F11CD9E656007D78CB /* WHSort.h */,
				B05D47F21CD9E656007D78CB /* WHSort.m */,
				B015BD611CDAD8FD0071EA31 /* WHRegion.h */,
				B015BD621CDAD8FD0071EA31 /* WHRegion.m */,
				B015BD641CDAD9400071EA31 /* WHCity.h */,
				B015BD651CDAD9400071EA31 /* WHCity.m */,
				B015BD711CDB22C60071EA31 /* WHCategory.h */,
				B015BD721CDB22C60071EA31 /* WHCategory.m */,
			);
			path = Model;
			sourceTree = "<group>";
		};
		B0E305EE1CD87C00003FB6DC /* View */ = {
			isa = PBXGroup;
			children = (
				B05D47D21CD9D2B0007D78CB /* WHBusinessHeaderView.h */,
				B05D47D31CD9D2B0007D78CB /* WHBusinessHeaderView.m */,
				B05D47D51CD9D2C1007D78CB /* WHBusinessHeaderView.xib */,
				B015BD671CDAED320071EA31 /* WHMetaDataView.h */,
				B015BD681CDAED320071EA31 /* WHMetaDataView.m */,
				B015BD6A1CDAED3E0071EA31 /* WHMetaDataView.xib */,
				B015BD6C1CDAF85B0071EA31 /* WHMetaDataTableViewCell.h */,
				B015BD6D1CDAF85B0071EA31 /* WHMetaDataTableViewCell.m */,
			);
			path = View;
			sourceTree = "<group>";
		};
		B0E305EF1CD87C00003FB6DC /* Home */ = {
			isa = PBXGroup;
			children = (
				B0E305F01CD87C00003FB6DC /* Controller */,
				B0E305F11CD87C00003FB6DC /* Model */,
				B0E305F21CD87C00003FB6DC /* View */,
			);
			path = Home;
			sourceTree = "<group>";
		};
		B0E305F01CD87C00003FB6DC /* Controller */ = {
			isa = PBXGroup;
			children = (
				B0E306171CD892A6003FB6DC /* WHHomeViewController.h */,
				B0E306181CD892A6003FB6DC /* WHHomeViewController.m */,
				B0C48DC21CDC9467005F632D /* WHCityGroupTableViewController.h */,
				B0C48DC31CDC9467005F632D /* WHCityGroupTableViewController.m */,
			);
			path = Controller;
			sourceTree = "<group>";
		};
		B0E305F11CD87C00003FB6DC /* Model */ = {
			isa = PBXGroup;
			children = (
				B0C48DC51CDC993D005F632D /* WHCityGroup.h */,
				B0C48DC61CDC993D005F632D /* WHCityGroup.m */,
			);
			path = Model;
			sourceTree = "<group>";
		};
		B0E305F21CD87C00003FB6DC /* View */ = {
			isa = PBXGroup;
			children = (
			);
			path = View;
			sourceTree = "<group>";
		};
		B0E305F31CD87C00003FB6DC /* Libs */ = {
			isa = PBXGroup;
			children = (
				B00D7A981CD9A2430090723C /* FlatUIKit */,
				B00D7ACC1CD9A2430090723C /* Foundation+Log.m */,
				B00D7ACD1CD9A2430090723C /* MBProgressHUD */,
				B00D7AD01CD9A2430090723C /* MJRefresh */,
				B00D7AFD1CD9A2430090723C /* SDWebImage */,
				B0E305FF1CD87E69003FB6DC /* DPSDK */,
			);
			path = Libs;
			sourceTree = "<group>";
		};
		B0E305F41CD87C00003FB6DC /* Me */ = {
			isa = PBXGroup;
			children = (
				B0E305F51CD87C00003FB6DC /* Controller */,
				B0E305F61CD87C00003FB6DC /* Model */,
				B0E305F71CD87C00003FB6DC /* View */,
			);
			path = Me;
			sourceTree = "<group>";
		};
		B0E305F51CD87C00003FB6DC /* Controller */ = {
			isa = PBXGroup;
			children = (
				B0E306101CD89252003FB6DC /* WHMeTableViewController.h */,
				B0E306111CD89252003FB6DC /* WHMeTableViewController.m */,
				2D34B3A01CD901B600687464 /* WHLoginViewController.h */,
				2D34B3A11CD901B600687464 /* WHLoginViewController.m */,
			);
			path = Controller;
			sourceTree = "<group>";
		};
		B0E305F61CD87C00003FB6DC /* Model */ = {
			isa = PBXGroup;
			children = (
			);
			path = Model;
			sourceTree = "<group>";
		};
		B0E305F71CD87C00003FB6DC /* View */ = {
			isa = PBXGroup;
			children = (
			);
			path = View;
			sourceTree = "<group>";
		};
		B0E305F81CD87C00003FB6DC /* Resources */ = {
			isa = PBXGroup;
			children = (
				B05D47DA1CD9E546007D78CB /* PList */,
			);
			path = Resources;
			sourceTree = "<group>";
		};
		B0E305F91CD87C00003FB6DC /* Utility */ = {
			isa = PBXGroup;
			children = (
				B0E305FA1CD87C01003FB6DC /* Category */,
				B0E305FB1CD87C01003FB6DC /* Controller */,
				B0E305FC1CD87C01003FB6DC /* Model */,
				B0E305FD1CD87C01003FB6DC /* Tool */,
				B0E305FE1CD87C01003FB6DC /* View */,
			);
			path = Utility;
			sourceTree = "<group>";
		};
		B0E305FA1CD87C01003FB6DC /* Category */ = {
			isa = PBXGroup;
			children = (
				B05D47D71CD9D865007D78CB /* UIView+Extension.h */,
				B05D47D81CD9D865007D78CB /* UIView+Extension.m */,
			);
			path = Category;
			sourceTree = "<group>";
		};
		B0E305FB1CD87C01003FB6DC /* Controller */ = {
			isa = PBXGroup;
			children = (
				B0E306071CD8904B003FB6DC /* WHBaseNaviController.h */,
				B0E306081CD8904B003FB6DC /* WHBaseNaviController.m */,
				B0E3060A1CD8908D003FB6DC /* WHMainTabBarController.h */,
				B0E3060B1CD8908D003FB6DC /* WHMainTabBarController.m */,
				B0E3060D1CD89233003FB6DC /* WHBaseTableTableViewController.h */,
				B0E3060E1CD89233003FB6DC /* WHBaseTableTableViewController.m */,
			);
			path = Controller;
			sourceTree = "<group>";
		};
		B0E305FC1CD87C01003FB6DC /* Model */ = {
			isa = PBXGroup;
			children = (
				B0E3061A1CD89810003FB6DC /* WHDeal.h */,
				B0E3061B1CD89810003FB6DC /* WHDeal.m */,
			);
			path = Model;
			sourceTree = "<group>";
		};
		B0E305FD1CD87C01003FB6DC /* Tool */ = {
			isa = PBXGroup;
			children = (
				B0C48D991CDC7351005F632D /* TRLocationManager.h */,
				B0C48D9A1CDC7351005F632D /* TRLocationManager.m */,
				B05D47F41CD9E78F007D78CB /* WHMetaDataTool.h */,
				B05D47F51CD9E78F007D78CB /* WHMetaDataTool.m */,
			);
			path = Tool;
			sourceTree = "<group>";
		};
		B0E305FE1CD87C01003FB6DC /* View */ = {
			isa = PBXGroup;
			children = (
				B00D7B5F1CD9B73E0090723C /* WHMainTableViewCell.h */,
				B00D7B601CD9B73E0090723C /* WHMainTableViewCell.m */,
				B00D7B611CD9B73E0090723C /* WHMainTableViewCell.xib */,
			);
			path = View;
			sourceTree = "<group>";
		};
		B0E305FF1CD87E69003FB6DC /* DPSDK */ = {
			isa = PBXGroup;
			children = (
				B0E306001CD87E69003FB6DC /* DPAPI.h */,
				B0E306011CD87E69003FB6DC /* DPAPI.m */,
				B0E306021CD87E69003FB6DC /* DPConstants.h */,
				B0E306031CD87E69003FB6DC /* DPRequest.h */,
				B0E306041CD87E69003FB6DC /* DPRequest.m */,
			);
			path = DPSDK;
			sourceTree = "<group>";
		};
/* End PBXGroup section */

/* Begin PBXNativeTarget section */
		B0E305D01CD87A62003FB6DC /* WHLetao */ = {
			isa = PBXNativeTarget;
			buildConfigurationList = B0E305E81CD87A63003FB6DC /* Build configuration list for PBXNativeTarget "WHLetao" */;
			buildPhases = (
				B0E305CD1CD87A62003FB6DC /* Sources */,
				B0E305CE1CD87A62003FB6DC /* Frameworks */,
				B0E305CF1CD87A62003FB6DC /* Resources */,
			);
			buildRules = (
			);
			dependencies = (
			);
			name = WHLetao;
			productName = WHLetao;
			productReference = B0E305D11CD87A62003FB6DC /* WHLetao.app */;
			productType = "com.apple.product-type.application";
		};
/* End PBXNativeTarget section */

/* Begin PBXProject section */
		B0E305C91CD87A61003FB6DC /* Project object */ = {
			isa = PBXProject;
			attributes = {
				CLASSPREFIX = WH;
				LastUpgradeCheck = 0710;
				ORGANIZATIONNAME = WayneHu;
				TargetAttributes = {
					B0E305D01CD87A62003FB6DC = {
						CreatedOnToolsVersion = 7.1;
						DevelopmentTeam = R6G77K9LS4;
					};
				};
			};
			buildConfigurationList = B0E305CC1CD87A61003FB6DC /* Build configuration list for PBXProject "WHLetao" */;
			compatibilityVersion = "Xcode 3.2";
			developmentRegion = English;
			hasScannedForEncodings = 0;
			knownRegions = (
				en,
				Base,
			);
			mainGroup = B0E305C81CD87A61003FB6DC;
			productRefGroup = B0E305D21CD87A62003FB6DC /* Products */;
			projectDirPath = "";
			projectRoot = "";
			targets = (
				B0E305D01CD87A62003FB6DC /* WHLetao */,
			);
		};
/* End PBXProject section */

/* Begin PBXResourcesBuildPhase section */
		B0E305CF1CD87A62003FB6DC /* Resources */ = {
			isa = PBXResourcesBuildPhase;
			buildActionMask = 2147483647;
			files = (
				B05D47ED1CD9E546007D78CB /* MineInformationData.plist in Resources */,
				B00D7B361CD9A2430090723C /* Lato-Bold.ttf in Resources */,
				B05D47E71CD9E546007D78CB /* cities.plist in Resources */,
				B05D47F01CD9E546007D78CB /* sorts.plist in Resources */,
				B0E305E41CD87A63003FB6DC /* LaunchScreen.storyboard in Resources */,
				B0E305E11CD87A63003FB6DC /* Assets.xcassets in Resources */,
				B00D7B381CD9A2430090723C /* Lato-Light.ttf in Resources */,
				B05D47EB1CD9E546007D78CB /* cityGroups.plist in Resources */,
				B0E305DF1CD87A62003FB6DC /* Main.storyboard in Resources */,
				B00D7B331CD9A2430090723C /* LICENSE in Resources */,
				B00D7B4A1CD9A2430090723C /* MJRefresh.bundle in Resources */,
				B00D7B631CD9B73E0090723C /* WHMainTableViewCell.xib in Resources */,
				B05D47D61CD9D2C1007D78CB /* WHBusinessHeaderView.xib in Resources */,
				B00D7B391CD9A2430090723C /* Lato-Regular.ttf in Resources */,
				B015BD6B1CDAED3E0071EA31 /* WHMetaDataView.xib in Resources */,
				B05D47EF1CD9E546007D78CB /* PortalSettings.plist in Resources */,
				B05D47EC1CD9E546007D78CB /* menuData.plist in Resources */,
				B05D47E91CD9E546007D78CB /* citydata.plist in Resources */,
				B05D47EA1CD9E546007D78CB /* citydict.plist in Resources */,
				B05D47E61CD9E546007D78CB /* categories.plist in Resources */,
				B05D47EE1CD9E546007D78CB /* MoreData.plist in Resources */,
				B05D47E81CD9E546007D78CB /* city.plist in Resources */,
				B00D7B371CD9A2430090723C /* Lato-Italic.ttf in Resources */,
				B00D7B351CD9A2430090723C /* flat-ui-icons-regular.ttf in Resources */,
			);
			runOnlyForDeploymentPostprocessing = 0;
		};
/* End PBXResourcesBuildPhase section */

/* Begin PBXSourcesBuildPhase section */
		B0E305CD1CD87A62003FB6DC /* Sources */ = {
			isa = PBXSourcesBuildPhase;
			buildActionMask = 2147483647;
			files = (
				B00D7B5C1CD9A2430090723C /* UIImageView+HighlightedWebCache.m in Sources */,
				B00D7B591CD9A2430090723C /* UIImage+GIF.m in Sources */,
				B00D7B4B1CD9A2430090723C /* MJRefreshConst.m in Sources */,
				B00D7B511CD9A2430090723C /* SDImageCache.m in Sources */,
				B00D7B541CD9A2430090723C /* SDWebImageDownloader.m in Sources */,
				B00D7B241CD9A2430090723C /* FUISwitch.m in Sources */,
				B00D7B5A1CD9A2430090723C /* UIImage+MultiFormat.m in Sources */,
				B00D7B2D1CD9A2430090723C /* UIProgressView+FlatUI.m in Sources */,
				B0E3060F1CD89233003FB6DC /* WHBaseTableTableViewController.m in Sources */,
				B00D7B251CD9A2430090723C /* FUITextField.m in Sources */,
				B00D7B451CD9A2430090723C /* MJRefreshBackNormalFooter.m in Sources */,
				B00D7B481CD9A2430090723C /* MJRefreshNormalHeader.m in Sources */,
				B0E306061CD87E69003FB6DC /* DPRequest.m in Sources */,
				B00D7B301CD9A2430090723C /* UITabBar+FlatUI.m in Sources */,
				B00D7B221CD9A2430090723C /* FUIPopoverBackgroundView.m in Sources */,
				B00D7B3C1CD9A2430090723C /* MJRefreshAutoFooter.m in Sources */,
				B00D7B551CD9A2430090723C /* SDWebImageDownloaderOperation.m in Sources */,
				B015BD661CDAD9400071EA31 /* WHCity.m in Sources */,
				B00D7B2A1CD9A2430090723C /* UIImage+FlatUI.m in Sources */,
				B015BD761CDB39FF0071EA31 /* WHSearchViewController.m in Sources */,
				B015BD631CDAD8FD0071EA31 /* WHRegion.m in Sources */,
				B00D7B501CD9A2430090723C /* NSData+ImageContentType.m in Sources */,
				B00D7B571CD9A2430090723C /* SDWebImagePrefetcher.m in Sources */,
				B015BD691CDAED320071EA31 /* WHMetaDataView.m in Sources */,
				B0E306051CD87E69003FB6DC /* DPAPI.m in Sources */,
				B00D7B2F1CD9A2430090723C /* UIStepper+FlatUI.m in Sources */,
				B00D7B341CD9A2430090723C /* README.markdown in Sources */,
				B0E306121CD89252003FB6DC /* WHMeTableViewController.m in Sources */,
				B00D7B581CD9A2430090723C /* UIButton+WebCache.m in Sources */,
				B00D7B5E1CD9A2430090723C /* UIView+WebCacheOperation.m in Sources */,
				B00D7B311CD9A2430090723C /* UITableViewCell+FlatUI.m in Sources */,
				B05D47D91CD9D865007D78CB /* UIView+Extension.m in Sources */,
				B00D7B281CD9A2430090723C /* UIColor+FlatUI.m in Sources */,
				B00D7B471CD9A2430090723C /* MJRefreshGifHeader.m in Sources */,
				B015BD6F1CDAF85B0071EA31 /* WHMetaDataTableViewCell.m in Sources */,
				B00D7B291CD9A2430090723C /* UIFont+FlatUI.m in Sources */,
				B0C48D9B1CDC7351005F632D /* TRLocationManager.m in Sources */,
				B00D7B431CD9A2430090723C /* MJRefreshAutoStateFooter.m in Sources */,
				B00D7B231CD9A2430090723C /* FUISegmentedControl.m in Sources */,
				B00D7B5D1CD9A2430090723C /* UIImageView+WebCache.m in Sources */,
				B00D7B321CD9A2430090723C /* UIToolbar+FlatUI.m in Sources */,
				B00D7B1F1CD9A2430090723C /* FUIAlertView.m in Sources */,
				B00D7B521CD9A2430090723C /* SDWebImageCompat.m in Sources */,
				B00D7B4F1CD9A2430090723C /* MKAnnotationView+WebCache.m in Sources */,
				B00D7B3F1CD9A2430090723C /* MJRefreshFooter.m in Sources */,
				B00D7B201CD9A2430090723C /* FUIButton.m in Sources */,
				B00D7B2B1CD9A2430090723C /* UINavigationBar+FlatUI.m in Sources */,
				B0C48DC41CDC9467005F632D /* WHCityGroupTableViewController.m in Sources */,
				B00D7B211CD9A2430090723C /* FUICellBackgroundView.m in Sources */,
				B00D7B411CD9A2430090723C /* MJRefreshAutoGifFooter.m in Sources */,
				B05D47F31CD9E656007D78CB /* WHSort.m in Sources */,
				B015BD731CDB22C60071EA31 /* WHCategory.m in Sources */,
				B00D7B3B1CD9A2430090723C /* MBProgressHUD.m in Sources */,
				B00D7B4E1CD9A2430090723C /* UIView+MJExtension.m in Sources */,
				2D34B3A21CD901B600687464 /* WHLoginViewController.m in Sources */,
				B00D7B4D1CD9A2430090723C /* UIScrollView+MJRefresh.m in Sources */,
				B00D7B621CD9B73E0090723C /* WHMainTableViewCell.m in Sources */,
				B05D47D41CD9D2B0007D78CB /* WHBusinessHeaderView.m in Sources */,
				B00D7B3A1CD9A2430090723C /* Foundation+Log.m in Sources */,
				B0E305D91CD87A62003FB6DC /* AppDelegate.m in Sources */,
				B00D7B3D1CD9A2430090723C /* MJRefreshBackFooter.m in Sources */,
				B00D7B2E1CD9A2430090723C /* UISlider+FlatUI.m in Sources */,
				B0E3060C1CD8908D003FB6DC /* WHMainTabBarController.m in Sources */,
				B00D7B401CD9A2430090723C /* MJRefreshHeader.m in Sources */,
				B00D7B421CD9A2430090723C /* MJRefreshAutoNormalFooter.m in Sources */,
				B0E3061C1CD89810003FB6DC /* WHDeal.m in Sources */,
				B0E306191CD892A6003FB6DC /* WHHomeViewController.m in Sources */,
				B00D7B3E1CD9A2430090723C /* MJRefreshComponent.m in Sources */,
				B0E306151CD89289003FB6DC /* WHBusinessViewController.m in Sources */,
				B00D7B441CD9A2430090723C /* MJRefreshBackGifFooter.m in Sources */,
				B00D7B4C1CD9A2430090723C /* UIScrollView+MJExtension.m in Sources */,
				B00D7B261CD9A2430090723C /* NSString+Icons.m in Sources */,
				B00D7B531CD9A2430090723C /* SDWebImageDecoder.m in Sources */,
				B05D47FC1CD9F89B007D78CB /* WHRegionViewController.m in Sources */,
				B00D7B5B1CD9A2430090723C /* UIImage+WebP.m in Sources */,
				B05D47F91CD9EDDF007D78CB /* WHSortViewController.m in Sources */,
				B0E305D61CD87A62003FB6DC /* main.m in Sources */,
				B00D7B2C1CD9A2430090723C /* UIPopoverController+FlatUI.m in Sources */,
				B00D7B561CD9A2430090723C /* SDWebImageManager.m in Sources */,
				B05D47F61CD9E78F007D78CB /* WHMetaDataTool.m in Sources */,
				B00D7B461CD9A2430090723C /* MJRefreshBackStateFooter.m in Sources */,
				B0E306091CD8904B003FB6DC /* WHBaseNaviController.m in Sources */,
				B05D47FF1CD9F8A7007D78CB /* WHCategoryViewController.m in Sources */,
				B0C48DC71CDC993D005F632D /* WHCityGroup.m in Sources */,
				B00D7B491CD9A2430090723C /* MJRefreshStateHeader.m in Sources */,
				B00D7B271CD9A2430090723C /* UIBarButtonItem+FlatUI.m in Sources */,
			);
			runOnlyForDeploymentPostprocessing = 0;
		};
/* End PBXSourcesBuildPhase section */

/* Begin PBXVariantGroup section */
		B0E305DD1CD87A62003FB6DC /* Main.storyboard */ = {
			isa = PBXVariantGroup;
			children = (
				B0E305DE1CD87A62003FB6DC /* Base */,
			);
			name = Main.storyboard;
			sourceTree = "<group>";
		};
		B0E305E21CD87A63003FB6DC /* LaunchScreen.storyboard */ = {
			isa = PBXVariantGroup;
			children = (
				B0E305E31CD87A63003FB6DC /* Base */,
			);
			name = LaunchScreen.storyboard;
			sourceTree = "<group>";
		};
/* End PBXVariantGroup section */

/* Begin XCBuildConfiguration section */
		B0E305E61CD87A63003FB6DC /* Debug */ = {
			isa = XCBuildConfiguration;
			buildSettings = {
				ALWAYS_SEARCH_USER_PATHS = NO;
				CLANG_CXX_LANGUAGE_STANDARD = "gnu++0x";
				CLANG_CXX_LIBRARY = "libc++";
				CLANG_ENABLE_MODULES = YES;
				CLANG_ENABLE_OBJC_ARC = YES;
				CLANG_WARN_BOOL_CONVERSION = YES;
				CLANG_WARN_CONSTANT_CONVERSION = YES;
				CLANG_WARN_DIRECT_OBJC_ISA_USAGE = YES_ERROR;
				CLANG_WARN_EMPTY_BODY = YES;
				CLANG_WARN_ENUM_CONVERSION = YES;
				CLANG_WARN_INT_CONVERSION = YES;
				CLANG_WARN_OBJC_ROOT_CLASS = YES_ERROR;
				CLANG_WARN_UNREACHABLE_CODE = YES;
				CLANG_WARN__DUPLICATE_METHOD_MATCH = YES;
				"CODE_SIGN_IDENTITY[sdk=iphoneos*]" = "iPhone Developer";
				COPY_PHASE_STRIP = NO;
				DEBUG_INFORMATION_FORMAT = dwarf;
				ENABLE_STRICT_OBJC_MSGSEND = YES;
				ENABLE_TESTABILITY = YES;
				GCC_C_LANGUAGE_STANDARD = gnu99;
				GCC_DYNAMIC_NO_PIC = NO;
				GCC_NO_COMMON_BLOCKS = YES;
				GCC_OPTIMIZATION_LEVEL = 0;
				GCC_PREPROCESSOR_DEFINITIONS = (
					"DEBUG=1",
					"$(inherited)",
				);
				GCC_WARN_64_TO_32_BIT_CONVERSION = YES;
				GCC_WARN_ABOUT_RETURN_TYPE = YES_ERROR;
				GCC_WARN_UNDECLARED_SELECTOR = YES;
				GCC_WARN_UNINITIALIZED_AUTOS = YES_AGGRESSIVE;
				GCC_WARN_UNUSED_FUNCTION = YES;
				GCC_WARN_UNUSED_VARIABLE = YES;
				IPHONEOS_DEPLOYMENT_TARGET = 9.1;
				MTL_ENABLE_DEBUG_INFO = YES;
				ONLY_ACTIVE_ARCH = YES;
				SDKROOT = iphoneos;
			};
			name = Debug;
		};
		B0E305E71CD87A63003FB6DC /* Release */ = {
			isa = XCBuildConfiguration;
			buildSettings = {
				ALWAYS_SEARCH_USER_PATHS = NO;
				CLANG_CXX_LANGUAGE_STANDARD = "gnu++0x";
				CLANG_CXX_LIBRARY = "libc++";
				CLANG_ENABLE_MODULES = YES;
				CLANG_ENABLE_OBJC_ARC = YES;
				CLANG_WARN_BOOL_CONVERSION = YES;
				CLANG_WARN_CONSTANT_CONVERSION = YES;
				CLANG_WARN_DIRECT_OBJC_ISA_USAGE = YES_ERROR;
				CLANG_WARN_EMPTY_BODY = YES;
				CLANG_WARN_ENUM_CONVERSION = YES;
				CLANG_WARN_INT_CONVERSION = YES;
				CLANG_WARN_OBJC_ROOT_CLASS = YES_ERROR;
				CLANG_WARN_UNREACHABLE_CODE = YES;
				CLANG_WARN__DUPLICATE_METHOD_MATCH = YES;
				"CODE_SIGN_IDENTITY[sdk=iphoneos*]" = "iPhone Developer";
				COPY_PHASE_STRIP = NO;
				DEBUG_INFORMATION_FORMAT = "dwarf-with-dsym";
				ENABLE_NS_ASSERTIONS = NO;
				ENABLE_STRICT_OBJC_MSGSEND = YES;
				GCC_C_LANGUAGE_STANDARD = gnu99;
				GCC_NO_COMMON_BLOCKS = YES;
				GCC_WARN_64_TO_32_BIT_CONVERSION = YES;
				GCC_WARN_ABOUT_RETURN_TYPE = YES_ERROR;
				GCC_WARN_UNDECLARED_SELECTOR = YES;
				GCC_WARN_UNINITIALIZED_AUTOS = YES_AGGRESSIVE;
				GCC_WARN_UNUSED_FUNCTION = YES;
				GCC_WARN_UNUSED_VARIABLE = YES;
				IPHONEOS_DEPLOYMENT_TARGET = 9.1;
				MTL_ENABLE_DEBUG_INFO = NO;
				SDKROOT = iphoneos;
				VALIDATE_PRODUCT = YES;
			};
			name = Release;
		};
		B0E305E91CD87A63003FB6DC /* Debug */ = {
			isa = XCBuildConfiguration;
			buildSettings = {
				ASSETCATALOG_COMPILER_APPICON_NAME = AppIcon;
				CODE_SIGN_IDENTITY = "iPhone Developer";
				"CODE_SIGN_IDENTITY[sdk=iphoneos*]" = "iPhone Developer";
				INFOPLIST_FILE = WHLetao/Info.plist;
				IPHONEOS_DEPLOYMENT_TARGET = 9.0;
				LD_RUNPATH_SEARCH_PATHS = "$(inherited) @executable_path/Frameworks";
				PRODUCT_BUNDLE_IDENTIFIER = com.wayneHu.WHLetao;
				PRODUCT_NAME = "$(TARGET_NAME)";
				PROVISIONING_PROFILE = "";
			};
			name = Debug;
		};
		B0E305EA1CD87A63003FB6DC /* Release */ = {
			isa = XCBuildConfiguration;
			buildSettings = {
				ASSETCATALOG_COMPILER_APPICON_NAME = AppIcon;
				CODE_SIGN_IDENTITY = "iPhone Developer";
				"CODE_SIGN_IDENTITY[sdk=iphoneos*]" = "iPhone Developer";
				INFOPLIST_FILE = WHLetao/Info.plist;
				IPHONEOS_DEPLOYMENT_TARGET = 9.0;
				LD_RUNPATH_SEARCH_PATHS = "$(inherited) @executable_path/Frameworks";
				PRODUCT_BUNDLE_IDENTIFIER = com.wayneHu.WHLetao;
				PRODUCT_NAME = "$(TARGET_NAME)";
				PROVISIONING_PROFILE = "";
			};
			name = Release;
		};
/* End XCBuildConfiguration section */

/* Begin XCConfigurationList section */
		B0E305CC1CD87A61003FB6DC /* Build configuration list for PBXProject "WHLetao" */ = {
			isa = XCConfigurationList;
			buildConfigurations = (
				B0E305E61CD87A63003FB6DC /* Debug */,
				B0E305E71CD87A63003FB6DC /* Release */,
			);
			defaultConfigurationIsVisible = 0;
			defaultConfigurationName = Release;
		};
		B0E305E81CD87A63003FB6DC /* Build configuration list for PBXNativeTarget "WHLetao" */ = {
			isa = XCConfigurationList;
			buildConfigurations = (
				B0E305E91CD87A63003FB6DC /* Debug */,
				B0E305EA1CD87A63003FB6DC /* Release */,
			);
			defaultConfigurationIsVisible = 0;
			defaultConfigurationName = Release;
		};
/* End XCConfigurationList section */
	};
	rootObject = B0E305C91CD87A61003FB6DC /* Project object */;
}
