// !$*UTF8*$!
{
	archiveVersion = 1;
	classes = {
	};
	objectVersion = 46;
	objects = {

/* Begin PBXBuildFile section */
		B0E305D61CD87A62003FB6DC /* main.m in Sources */ = {isa = PBXBuildFile; fileRef = B0E305D51CD87A62003FB6DC /* main.m */; };
		B0E305D91CD87A62003FB6DC /* AppDelegate.m in Sources */ = {isa = PBXBuildFile; fileRef = B0E305D81CD87A62003FB6DC /* AppDelegate.m */; };
		B0E305DF1CD87A62003FB6DC /* Main.storyboard in Resources */ = {isa = PBXBuildFile; fileRef = B0E305DD1CD87A62003FB6DC /* Main.storyboard */; };
		B0E305E11CD87A63003FB6DC /* Assets.xcassets in Resources */ = {isa = PBXBuildFile; fileRef = B0E305E01CD87A63003FB6DC /* Assets.xcassets */; };
		B0E305E41CD87A63003FB6DC /* LaunchScreen.storyboard in Resources */ = {isa = PBXBuildFile; fileRef = B0E305E21CD87A63003FB6DC /* LaunchScreen.storyboard */; };
		B0E306051CD87E69003FB6DC /* DPAPI.m in Sources */ = {isa = PBXBuildFile; fileRef = B0E306011CD87E69003FB6DC /* DPAPI.m */; };
		B0E306061CD87E69003FB6DC /* DPRequest.m in Sources */ = {isa = PBXBuildFile; fileRef = B0E306041CD87E69003FB6DC /* DPRequest.m */; };
		B0E306091CD8904B003FB6DC /* WHBaseNaviController.m in Sources */ = {isa = PBXBuildFile; fileRef = B0E306081CD8904B003FB6DC /* WHBaseNaviController.m */; };
		B0E3060C1CD8908D003FB6DC /* WHMainTabBarController.m in Sources */ = {isa = PBXBuildFile; fileRef = B0E3060B1CD8908D003FB6DC /* WHMainTabBarController.m */; };
		B0E3060F1CD89233003FB6DC /* WHBaseTableTableViewController.m in Sources */ = {isa = PBXBuildFile; fileRef = B0E3060E1CD89233003FB6DC /* WHBaseTableTableViewController.m */; };
		B0E306121CD89252003FB6DC /* WHMeTableViewController.m in Sources */ = {isa = PBXBuildFile; fileRef = B0E306111CD89252003FB6DC /* WHMeTableViewController.m */; };
		B0E306151CD89289003FB6DC /* WHBusinessViewController.m in Sources */ = {isa = PBXBuildFile; fileRef = B0E306141CD89289003FB6DC /* WHBusinessViewController.m */; };
		B0E306191CD892A6003FB6DC /* WHHomeViewController.m in Sources */ = {isa = PBXBuildFile; fileRef = B0E306181CD892A6003FB6DC /* WHHomeViewController.m */; };
		B0E3061C1CD89810003FB6DC /* WHDeal.m in Sources */ = {isa = PBXBuildFile; fileRef = B0E3061B1CD89810003FB6DC /* WHDeal.m */; };
		B0E3061F1CD8982E003FB6DC /* WHMetaDataTool.m in Sources */ = {isa = PBXBuildFile; fileRef = B0E3061E1CD8982E003FB6DC /* WHMetaDataTool.m */; };
/* End PBXBuildFile section */

/* Begin PBXFileReference section */
		B0E305D11CD87A62003FB6DC /* WHLetao.app */ = {isa = PBXFileReference; explicitFileType = wrapper.application; includeInIndex = 0; path = WHLetao.app; sourceTree = BUILT_PRODUCTS_DIR; };
		B0E305D51CD87A62003FB6DC /* main.m */ = {isa = PBXFileReference; lastKnownFileType = sourcecode.c.objc; path = main.m; sourceTree = "<group>"; };
		B0E305D71CD87A62003FB6DC /* AppDelegate.h */ = {isa = PBXFileReference; lastKnownFileType = sourcecode.c.h; path = AppDelegate.h; sourceTree = "<group>"; };
		B0E305D81CD87A62003FB6DC /* AppDelegate.m */ = {isa = PBXFileReference; lastKnownFileType = sourcecode.c.objc; path = AppDelegate.m; sourceTree = "<group>"; };
		B0E305DE1CD87A62003FB6DC /* Base */ = {isa = PBXFileReference; lastKnownFileType = file.storyboard; name = Base; path = Base.lproj/Main.storyboard; sourceTree = "<group>"; };
		B0E305E01CD87A63003FB6DC /* Assets.xcassets */ = {isa = PBXFileReference; lastKnownFileType = folder.assetcatalog; path = Assets.xcassets; sourceTree = "<group>"; };
		B0E305E31CD87A63003FB6DC /* Base */ = {isa = PBXFileReference; lastKnownFileType = file.storyboard; name = Base; path = Base.lproj/LaunchScreen.storyboard; sourceTree = "<group>"; };
		B0E305E51CD87A63003FB6DC /* Info.plist */ = {isa = PBXFileReference; lastKnownFileType = text.plist.xml; path = Info.plist; sourceTree = "<group>"; };
		B0E306001CD87E69003FB6DC /* DPAPI.h */ = {isa = PBXFileReference; fileEncoding = 4; lastKnownFileType = sourcecode.c.h; path = DPAPI.h; sourceTree = "<group>"; };
		B0E306011CD87E69003FB6DC /* DPAPI.m */ = {isa = PBXFileReference; fileEncoding = 4; lastKnownFileType = sourcecode.c.objc; path = DPAPI.m; sourceTree = "<group>"; };
		B0E306021CD87E69003FB6DC /* DPConstants.h */ = {isa = PBXFileReference; fileEncoding = 4; lastKnownFileType = sourcecode.c.h; path = DPConstants.h; sourceTree = "<group>"; };
		B0E306031CD87E69003FB6DC /* DPRequest.h */ = {isa = PBXFileReference; fileEncoding = 4; lastKnownFileType = sourcecode.c.h; path = DPRequest.h; sourceTree = "<group>"; };
		B0E306041CD87E69003FB6DC /* DPRequest.m */ = {isa = PBXFileReference; fileEncoding = 4; lastKnownFileType = sourcecode.c.objc; path = DPRequest.m; sourceTree = "<group>"; };
		B0E306071CD8904B003FB6DC /* WHBaseNaviController.h */ = {isa = PBXFileReference; fileEncoding = 4; lastKnownFileType = sourcecode.c.h; path = WHBaseNaviController.h; sourceTree = "<group>"; };
		B0E306081CD8904B003FB6DC /* WHBaseNaviController.m */ = {isa = PBXFileReference; fileEncoding = 4; lastKnownFileType = sourcecode.c.objc; path = WHBaseNaviController.m; sourceTree = "<group>"; };
		B0E3060A1CD8908D003FB6DC /* WHMainTabBarController.h */ = {isa = PBXFileReference; fileEncoding = 4; lastKnownFileType = sourcecode.c.h; path = WHMainTabBarController.h; sourceTree = "<group>"; };
		B0E3060B1CD8908D003FB6DC /* WHMainTabBarController.m */ = {isa = PBXFileReference; fileEncoding = 4; lastKnownFileType = sourcecode.c.objc; path = WHMainTabBarController.m; sourceTree = "<group>"; };
		B0E3060D1CD89233003FB6DC /* WHBaseTableTableViewController.h */ = {isa = PBXFileReference; fileEncoding = 4; lastKnownFileType = sourcecode.c.h; path = WHBaseTableTableViewController.h; sourceTree = "<group>"; };
		B0E3060E1CD89233003FB6DC /* WHBaseTableTableViewController.m */ = {isa = PBXFileReference; fileEncoding = 4; lastKnownFileType = sourcecode.c.objc; path = WHBaseTableTableViewController.m; sourceTree = "<group>"; };
		B0E306101CD89252003FB6DC /* WHMeTableViewController.h */ = {isa = PBXFileReference; fileEncoding = 4; lastKnownFileType = sourcecode.c.h; path = WHMeTableViewController.h; sourceTree = "<group>"; };
		B0E306111CD89252003FB6DC /* WHMeTableViewController.m */ = {isa = PBXFileReference; fileEncoding = 4; lastKnownFileType = sourcecode.c.objc; path = WHMeTableViewController.m; sourceTree = "<group>"; };
		B0E306131CD89289003FB6DC /* WHBusinessViewController.h */ = {isa = PBXFileReference; fileEncoding = 4; lastKnownFileType = sourcecode.c.h; path = WHBusinessViewController.h; sourceTree = "<group>"; };
		B0E306141CD89289003FB6DC /* WHBusinessViewController.m */ = {isa = PBXFileReference; fileEncoding = 4; lastKnownFileType = sourcecode.c.objc; path = WHBusinessViewController.m; sourceTree = "<group>"; };
		B0E306171CD892A6003FB6DC /* WHHomeViewController.h */ = {isa = PBXFileReference; fileEncoding = 4; lastKnownFileType = sourcecode.c.h; path = WHHomeViewController.h; sourceTree = "<group>"; };
		B0E306181CD892A6003FB6DC /* WHHomeViewController.m */ = {isa = PBXFileReference; fileEncoding = 4; lastKnownFileType = sourcecode.c.objc; path = WHHomeViewController.m; sourceTree = "<group>"; };
		B0E3061A1CD89810003FB6DC /* WHDeal.h */ = {isa = PBXFileReference; fileEncoding = 4; lastKnownFileType = sourcecode.c.h; path = WHDeal.h; sourceTree = "<group>"; };
		B0E3061B1CD89810003FB6DC /* WHDeal.m */ = {isa = PBXFileReference; fileEncoding = 4; lastKnownFileType = sourcecode.c.objc; path = WHDeal.m; sourceTree = "<group>"; };
		B0E3061D1CD8982E003FB6DC /* WHMetaDataTool.h */ = {isa = PBXFileReference; fileEncoding = 4; lastKnownFileType = sourcecode.c.h; path = WHMetaDataTool.h; sourceTree = "<group>"; };
		B0E3061E1CD8982E003FB6DC /* WHMetaDataTool.m */ = {isa = PBXFileReference; fileEncoding = 4; lastKnownFileType = sourcecode.c.objc; path = WHMetaDataTool.m; sourceTree = "<group>"; };
/* End PBXFileReference section */

/* Begin PBXFrameworksBuildPhase section */
		B0E305CE1CD87A62003FB6DC /* Frameworks */ = {
			isa = PBXFrameworksBuildPhase;
			buildActionMask = 2147483647;
			files = (
			);
			runOnlyForDeploymentPostprocessing = 0;
		};
/* End PBXFrameworksBuildPhase section */

/* Begin PBXGroup section */
		B0E305C81CD87A61003FB6DC = {
			isa = PBXGroup;
			children = (
				B0E305D31CD87A62003FB6DC /* WHLetao */,
				B0E305D21CD87A62003FB6DC /* Products */,
			);
			sourceTree = "<group>";
		};
		B0E305D21CD87A62003FB6DC /* Products */ = {
			isa = PBXGroup;
			children = (
				B0E305D11CD87A62003FB6DC /* WHLetao.app */,
			);
			name = Products;
			sourceTree = "<group>";
		};
		B0E305D31CD87A62003FB6DC /* WHLetao */ = {
			isa = PBXGroup;
			children = (
				B0E305EB1CD87C00003FB6DC /* Business */,
				B0E305EF1CD87C00003FB6DC /* Home */,
				B0E305F31CD87C00003FB6DC /* Libs */,
				B0E305F41CD87C00003FB6DC /* Me */,
				B0E305F81CD87C00003FB6DC /* Resources */,
				B0E305F91CD87C00003FB6DC /* Utility */,
				B0E305D71CD87A62003FB6DC /* AppDelegate.h */,
				B0E305D81CD87A62003FB6DC /* AppDelegate.m */,
				B0E305DD1CD87A62003FB6DC /* Main.storyboard */,
				B0E305E01CD87A63003FB6DC /* Assets.xcassets */,
				B0E305E21CD87A63003FB6DC /* LaunchScreen.storyboard */,
				B0E305E51CD87A63003FB6DC /* Info.plist */,
				B0E305D41CD87A62003FB6DC /* Supporting Files */,
			);
			path = WHLetao;
			sourceTree = "<group>";
		};
		B0E305D41CD87A62003FB6DC /* Supporting Files */ = {
			isa = PBXGroup;
			children = (
				B0E305D51CD87A62003FB6DC /* main.m */,
			);
			name = "Supporting Files";
			sourceTree = "<group>";
		};
		B0E305EB1CD87C00003FB6DC /* Business */ = {
			isa = PBXGroup;
			children = (
				B0E305EC1CD87C00003FB6DC /* Controller */,
				B0E305ED1CD87C00003FB6DC /* Model */,
				B0E305EE1CD87C00003FB6DC /* View */,
			);
			path = Business;
			sourceTree = "<group>";
		};
		B0E305EC1CD87C00003FB6DC /* Controller */ = {
			isa = PBXGroup;
			children = (
				B0E306131CD89289003FB6DC /* WHBusinessViewController.h */,
				B0E306141CD89289003FB6DC /* WHBusinessViewController.m */,
			);
			path = Controller;
			sourceTree = "<group>";
		};
		B0E305ED1CD87C00003FB6DC /* Model */ = {
			isa = PBXGroup;
			children = (
			);
			path = Model;
			sourceTree = "<group>";
		};
		B0E305EE1CD87C00003FB6DC /* View */ = {
			isa = PBXGroup;
			children = (
			);
			path = View;
			sourceTree = "<group>";
		};
		B0E305EF1CD87C00003FB6DC /* Home */ = {
			isa = PBXGroup;
			children = (
				B0E305F01CD87C00003FB6DC /* Controller */,
				B0E305F11CD87C00003FB6DC /* Model */,
				B0E305F21CD87C00003FB6DC /* View */,
			);
			path = Home;
			sourceTree = "<group>";
		};
		B0E305F01CD87C00003FB6DC /* Controller */ = {
			isa = PBXGroup;
			children = (
				B0E306171CD892A6003FB6DC /* WHHomeViewController.h */,
				B0E306181CD892A6003FB6DC /* WHHomeViewController.m */,
			);
			path = Controller;
			sourceTree = "<group>";
		};
		B0E305F11CD87C00003FB6DC /* Model */ = {
			isa = PBXGroup;
			children = (
			);
			path = Model;
			sourceTree = "<group>";
		};
		B0E305F21CD87C00003FB6DC /* View */ = {
			isa = PBXGroup;
			children = (
			);
			path = View;
			sourceTree = "<group>";
		};
		B0E305F31CD87C00003FB6DC /* Libs */ = {
			isa = PBXGroup;
			children = (
				B0E305FF1CD87E69003FB6DC /* DPSDK */,
			);
			path = Libs;
			sourceTree = "<group>";
		};
		B0E305F41CD87C00003FB6DC /* Me */ = {
			isa = PBXGroup;
			children = (
				B0E305F51CD87C00003FB6DC /* Controller */,
				B0E305F61CD87C00003FB6DC /* Model */,
				B0E305F71CD87C00003FB6DC /* View */,
			);
			path = Me;
			sourceTree = "<group>";
		};
		B0E305F51CD87C00003FB6DC /* Controller */ = {
			isa = PBXGroup;
			children = (
				B0E306101CD89252003FB6DC /* WHMeTableViewController.h */,
				B0E306111CD89252003FB6DC /* WHMeTableViewController.m */,
			);
			path = Controller;
			sourceTree = "<group>";
		};
		B0E305F61CD87C00003FB6DC /* Model */ = {
			isa = PBXGroup;
			children = (
			);
			path = Model;
			sourceTree = "<group>";
		};
		B0E305F71CD87C00003FB6DC /* View */ = {
			isa = PBXGroup;
			children = (
			);
			path = View;
			sourceTree = "<group>";
		};
		B0E305F81CD87C00003FB6DC /* Resources */ = {
			isa = PBXGroup;
			children = (
			);
			path = Resources;
			sourceTree = "<group>";
		};
		B0E305F91CD87C00003FB6DC /* Utility */ = {
			isa = PBXGroup;
			children = (
				B0E305FA1CD87C01003FB6DC /* Category */,
				B0E305FB1CD87C01003FB6DC /* Controller */,
				B0E305FC1CD87C01003FB6DC /* Model */,
				B0E305FD1CD87C01003FB6DC /* Tool */,
				B0E305FE1CD87C01003FB6DC /* View */,
			);
			path = Utility;
			sourceTree = "<group>";
		};
		B0E305FA1CD87C01003FB6DC /* Category */ = {
			isa = PBXGroup;
			children = (
			);
			path = Category;
			sourceTree = "<group>";
		};
		B0E305FB1CD87C01003FB6DC /* Controller */ = {
			isa = PBXGroup;
			children = (
				B0E306071CD8904B003FB6DC /* WHBaseNaviController.h */,
				B0E306081CD8904B003FB6DC /* WHBaseNaviController.m */,
				B0E3060A1CD8908D003FB6DC /* WHMainTabBarController.h */,
				B0E3060B1CD8908D003FB6DC /* WHMainTabBarController.m */,
				B0E3060D1CD89233003FB6DC /* WHBaseTableTableViewController.h */,
				B0E3060E1CD89233003FB6DC /* WHBaseTableTableViewController.m */,
			);
			path = Controller;
			sourceTree = "<group>";
		};
		B0E305FC1CD87C01003FB6DC /* Model */ = {
			isa = PBXGroup;
			children = (
				B0E3061A1CD89810003FB6DC /* WHDeal.h */,
				B0E3061B1CD89810003FB6DC /* WHDeal.m */,
				B0E3061D1CD8982E003FB6DC /* WHMetaDataTool.h */,
				B0E3061E1CD8982E003FB6DC /* WHMetaDataTool.m */,
			);
			path = Model;
			sourceTree = "<group>";
		};
		B0E305FD1CD87C01003FB6DC /* Tool */ = {
			isa = PBXGroup;
			children = (
			);
			path = Tool;
			sourceTree = "<group>";
		};
		B0E305FE1CD87C01003FB6DC /* View */ = {
			isa = PBXGroup;
			children = (
			);
			path = View;
			sourceTree = "<group>";
		};
		B0E305FF1CD87E69003FB6DC /* DPSDK */ = {
			isa = PBXGroup;
			children = (
				B0E306001CD87E69003FB6DC /* DPAPI.h */,
				B0E306011CD87E69003FB6DC /* DPAPI.m */,
				B0E306021CD87E69003FB6DC /* DPConstants.h */,
				B0E306031CD87E69003FB6DC /* DPRequest.h */,
				B0E306041CD87E69003FB6DC /* DPRequest.m */,
			);
			path = DPSDK;
			sourceTree = "<group>";
		};
/* End PBXGroup section */

/* Begin PBXNativeTarget section */
		B0E305D01CD87A62003FB6DC /* WHLetao */ = {
			isa = PBXNativeTarget;
			buildConfigurationList = B0E305E81CD87A63003FB6DC /* Build configuration list for PBXNativeTarget "WHLetao" */;
			buildPhases = (
				B0E305CD1CD87A62003FB6DC /* Sources */,
				B0E305CE1CD87A62003FB6DC /* Frameworks */,
				B0E305CF1CD87A62003FB6DC /* Resources */,
			);
			buildRules = (
			);
			dependencies = (
			);
			name = WHLetao;
			productName = WHLetao;
			productReference = B0E305D11CD87A62003FB6DC /* WHLetao.app */;
			productType = "com.apple.product-type.application";
		};
/* End PBXNativeTarget section */

/* Begin PBXProject section */
		B0E305C91CD87A61003FB6DC /* Project object */ = {
			isa = PBXProject;
			attributes = {
				CLASSPREFIX = WH;
				LastUpgradeCheck = 0710;
				ORGANIZATIONNAME = WayneHu;
				TargetAttributes = {
					B0E305D01CD87A62003FB6DC = {
						CreatedOnToolsVersion = 7.1;
						DevelopmentTeam = R6G77K9LS4;
					};
				};
			};
			buildConfigurationList = B0E305CC1CD87A61003FB6DC /* Build configuration list for PBXProject "WHLetao" */;
			compatibilityVersion = "Xcode 3.2";
			developmentRegion = English;
			hasScannedForEncodings = 0;
			knownRegions = (
				en,
				Base,
			);
			mainGroup = B0E305C81CD87A61003FB6DC;
			productRefGroup = B0E305D21CD87A62003FB6DC /* Products */;
			projectDirPath = "";
			projectRoot = "";
			targets = (
				B0E305D01CD87A62003FB6DC /* WHLetao */,
			);
		};
/* End PBXProject section */

/* Begin PBXResourcesBuildPhase section */
		B0E305CF1CD87A62003FB6DC /* Resources */ = {
			isa = PBXResourcesBuildPhase;
			buildActionMask = 2147483647;
			files = (
				B0E305E41CD87A63003FB6DC /* LaunchScreen.storyboard in Resources */,
				B0E305E11CD87A63003FB6DC /* Assets.xcassets in Resources */,
				B0E305DF1CD87A62003FB6DC /* Main.storyboard in Resources */,
			);
			runOnlyForDeploymentPostprocessing = 0;
		};
/* End PBXResourcesBuildPhase section */

/* Begin PBXSourcesBuildPhase section */
		B0E305CD1CD87A62003FB6DC /* Sources */ = {
			isa = PBXSourcesBuildPhase;
			buildActionMask = 2147483647;
			files = (
				B0E3060F1CD89233003FB6DC /* WHBaseTableTableViewController.m in Sources */,
				B0E3061F1CD8982E003FB6DC /* WHMetaDataTool.m in Sources */,
				B0E306061CD87E69003FB6DC /* DPRequest.m in Sources */,
				B0E306051CD87E69003FB6DC /* DPAPI.m in Sources */,
				B0E306121CD89252003FB6DC /* WHMeTableViewController.m in Sources */,
				B0E305D91CD87A62003FB6DC /* AppDelegate.m in Sources */,
				B0E3060C1CD8908D003FB6DC /* WHMainTabBarController.m in Sources */,
				B0E3061C1CD89810003FB6DC /* WHDeal.m in Sources */,
				B0E306191CD892A6003FB6DC /* WHHomeViewController.m in Sources */,
				B0E306151CD89289003FB6DC /* WHBusinessViewController.m in Sources */,
				B0E305D61CD87A62003FB6DC /* main.m in Sources */,
				B0E306091CD8904B003FB6DC /* WHBaseNaviController.m in Sources */,
			);
			runOnlyForDeploymentPostprocessing = 0;
		};
/* End PBXSourcesBuildPhase section */

/* Begin PBXVariantGroup section */
		B0E305DD1CD87A62003FB6DC /* Main.storyboard */ = {
			isa = PBXVariantGroup;
			children = (
				B0E305DE1CD87A62003FB6DC /* Base */,
			);
			name = Main.storyboard;
			sourceTree = "<group>";
		};
		B0E305E21CD87A63003FB6DC /* LaunchScreen.storyboard */ = {
			isa = PBXVariantGroup;
			children = (
				B0E305E31CD87A63003FB6DC /* Base */,
			);
			name = LaunchScreen.storyboard;
			sourceTree = "<group>";
		};
/* End PBXVariantGroup section */

/* Begin XCBuildConfiguration section */
		B0E305E61CD87A63003FB6DC /* Debug */ = {
			isa = XCBuildConfiguration;
			buildSettings = {
				ALWAYS_SEARCH_USER_PATHS = NO;
				CLANG_CXX_LANGUAGE_STANDARD = "gnu++0x";
				CLANG_CXX_LIBRARY = "libc++";
				CLANG_ENABLE_MODULES = YES;
				CLANG_ENABLE_OBJC_ARC = YES;
				CLANG_WARN_BOOL_CONVERSION = YES;
				CLANG_WARN_CONSTANT_CONVERSION = YES;
				CLANG_WARN_DIRECT_OBJC_ISA_USAGE = YES_ERROR;
				CLANG_WARN_EMPTY_BODY = YES;
				CLANG_WARN_ENUM_CONVERSION = YES;
				CLANG_WARN_INT_CONVERSION = YES;
				CLANG_WARN_OBJC_ROOT_CLASS = YES_ERROR;
				CLANG_WARN_UNREACHABLE_CODE = YES;
				CLANG_WARN__DUPLICATE_METHOD_MATCH = YES;
				"CODE_SIGN_IDENTITY[sdk=iphoneos*]" = "iPhone Developer";
				COPY_PHASE_STRIP = NO;
				DEBUG_INFORMATION_FORMAT = dwarf;
				ENABLE_STRICT_OBJC_MSGSEND = YES;
				ENABLE_TESTABILITY = YES;
				GCC_C_LANGUAGE_STANDARD = gnu99;
				GCC_DYNAMIC_NO_PIC = NO;
				GCC_NO_COMMON_BLOCKS = YES;
				GCC_OPTIMIZATION_LEVEL = 0;
				GCC_PREPROCESSOR_DEFINITIONS = (
					"DEBUG=1",
					"$(inherited)",
				);
				GCC_WARN_64_TO_32_BIT_CONVERSION = YES;
				GCC_WARN_ABOUT_RETURN_TYPE = YES_ERROR;
				GCC_WARN_UNDECLARED_SELECTOR = YES;
				GCC_WARN_UNINITIALIZED_AUTOS = YES_AGGRESSIVE;
				GCC_WARN_UNUSED_FUNCTION = YES;
				GCC_WARN_UNUSED_VARIABLE = YES;
				IPHONEOS_DEPLOYMENT_TARGET = 9.1;
				MTL_ENABLE_DEBUG_INFO = YES;
				ONLY_ACTIVE_ARCH = YES;
				SDKROOT = iphoneos;
			};
			name = Debug;
		};
		B0E305E71CD87A63003FB6DC /* Release */ = {
			isa = XCBuildConfiguration;
			buildSettings = {
				ALWAYS_SEARCH_USER_PATHS = NO;
				CLANG_CXX_LANGUAGE_STANDARD = "gnu++0x";
				CLANG_CXX_LIBRARY = "libc++";
				CLANG_ENABLE_MODULES = YES;
				CLANG_ENABLE_OBJC_ARC = YES;
				CLANG_WARN_BOOL_CONVERSION = YES;
				CLANG_WARN_CONSTANT_CONVERSION = YES;
				CLANG_WARN_DIRECT_OBJC_ISA_USAGE = YES_ERROR;
				CLANG_WARN_EMPTY_BODY = YES;
				CLANG_WARN_ENUM_CONVERSION = YES;
				CLANG_WARN_INT_CONVERSION = YES;
				CLANG_WARN_OBJC_ROOT_CLASS = YES_ERROR;
				CLANG_WARN_UNREACHABLE_CODE = YES;
				CLANG_WARN__DUPLICATE_METHOD_MATCH = YES;
				"CODE_SIGN_IDENTITY[sdk=iphoneos*]" = "iPhone Developer";
				COPY_PHASE_STRIP = NO;
				DEBUG_INFORMATION_FORMAT = "dwarf-with-dsym";
				ENABLE_NS_ASSERTIONS = NO;
				ENABLE_STRICT_OBJC_MSGSEND = YES;
				GCC_C_LANGUAGE_STANDARD = gnu99;
				GCC_NO_COMMON_BLOCKS = YES;
				GCC_WARN_64_TO_32_BIT_CONVERSION = YES;
				GCC_WARN_ABOUT_RETURN_TYPE = YES_ERROR;
				GCC_WARN_UNDECLARED_SELECTOR = YES;
				GCC_WARN_UNINITIALIZED_AUTOS = YES_AGGRESSIVE;
				GCC_WARN_UNUSED_FUNCTION = YES;
				GCC_WARN_UNUSED_VARIABLE = YES;
				IPHONEOS_DEPLOYMENT_TARGET = 9.1;
				MTL_ENABLE_DEBUG_INFO = NO;
				SDKROOT = iphoneos;
				VALIDATE_PRODUCT = YES;
			};
			name = Release;
		};
		B0E305E91CD87A63003FB6DC /* Debug */ = {
			isa = XCBuildConfiguration;
			buildSettings = {
				ASSETCATALOG_COMPILER_APPICON_NAME = AppIcon;
				INFOPLIST_FILE = WHLetao/Info.plist;
				LD_RUNPATH_SEARCH_PATHS = "$(inherited) @executable_path/Frameworks";
				PRODUCT_BUNDLE_IDENTIFIER = com.wayne.WHLetao;
				PRODUCT_NAME = "$(TARGET_NAME)";
			};
			name = Debug;
		};
		B0E305EA1CD87A63003FB6DC /* Release */ = {
			isa = XCBuildConfiguration;
			buildSettings = {
				ASSETCATALOG_COMPILER_APPICON_NAME = AppIcon;
				INFOPLIST_FILE = WHLetao/Info.plist;
				LD_RUNPATH_SEARCH_PATHS = "$(inherited) @executable_path/Frameworks";
				PRODUCT_BUNDLE_IDENTIFIER = com.wayne.WHLetao;
				PRODUCT_NAME = "$(TARGET_NAME)";
			};
			name = Release;
		};
/* End XCBuildConfiguration section */

/* Begin XCConfigurationList section */
		B0E305CC1CD87A61003FB6DC /* Build configuration list for PBXProject "WHLetao" */ = {
			isa = XCConfigurationList;
			buildConfigurations = (
				B0E305E61CD87A63003FB6DC /* Debug */,
				B0E305E71CD87A63003FB6DC /* Release */,
			);
			defaultConfigurationIsVisible = 0;
			defaultConfigurationName = Release;
		};
		B0E305E81CD87A63003FB6DC /* Build configuration list for PBXNativeTarget "WHLetao" */ = {
			isa = XCConfigurationList;
			buildConfigurations = (
				B0E305E91CD87A63003FB6DC /* Debug */,
				B0E305EA1CD87A63003FB6DC /* Release */,
			);
			defaultConfigurationIsVisible = 0;
			defaultConfigurationName = Release;
		};
/* End XCConfigurationList section */
	};
	rootObject = B0E305C91CD87A61003FB6DC /* Project object */;
}
